// !$*UTF8*$!
{
	archiveVersion = 1;
	classes = {
	};
	objectVersion = 70;
	objects = {

/* Begin PBXBuildFile section */
		6B3671FD2C9E04AB000E0F3B /* WebRTC in Frameworks */ = {isa = PBXBuildFile; productRef = 6B3671FC2C9E04AB000E0F3B /* WebRTC */; };
		6B3671FF2C9E04B9000E0F3B /* WebRTC in Frameworks */ = {isa = PBXBuildFile; productRef = 6B3671FE2C9E04B9000E0F3B /* WebRTC */; };
		6B3672012C9E04C2000E0F3B /* WebRTC in Frameworks */ = {isa = PBXBuildFile; productRef = 6B3672002C9E04C2000E0F3B /* WebRTC */; };
		6B4A010E2C9A64820016F184 /* Clients.swift in Sources */ = {isa = PBXBuildFile; fileRef = 6B4A010D2C9A647B0016F184 /* Clients.swift */; };
		6B4A010F2C9A65630016F184 /* Clients.swift in Sources */ = {isa = PBXBuildFile; fileRef = 6B4A010D2C9A647B0016F184 /* Clients.swift */; };
		6B4A01102C9A65630016F184 /* WebSocketClient.swift in Sources */ = {isa = PBXBuildFile; fileRef = 6B6068D42C950CE900879DE7 /* WebSocketClient.swift */; };
		6B4A01112C9A65630016F184 /* WebRTCClient.swift in Sources */ = {isa = PBXBuildFile; fileRef = 6B6068D22C950BBC00879DE7 /* WebRTCClient.swift */; };
		6B4A01122C9A65630016F184 /* Clients.swift in Sources */ = {isa = PBXBuildFile; fileRef = 6B4A010D2C9A647B0016F184 /* Clients.swift */; };
		6B4A01132C9A65630016F184 /* WebRTCClient.swift in Sources */ = {isa = PBXBuildFile; fileRef = 6B6068D22C950BBC00879DE7 /* WebRTCClient.swift */; };
		6B4A01142C9A65630016F184 /* WebSocketClient.swift in Sources */ = {isa = PBXBuildFile; fileRef = 6B6068D42C950CE900879DE7 /* WebSocketClient.swift */; };
		6B6068D32C950BBC00879DE7 /* WebRTCClient.swift in Sources */ = {isa = PBXBuildFile; fileRef = 6B6068D22C950BBC00879DE7 /* WebRTCClient.swift */; };
		6B6068D52C950CE900879DE7 /* WebSocketClient.swift in Sources */ = {isa = PBXBuildFile; fileRef = 6B6068D42C950CE900879DE7 /* WebSocketClient.swift */; };
		6BDCBBC82C75527D00FC4396 /* main.swift in Sources */ = {isa = PBXBuildFile; fileRef = 6BDCBBC72C75527D00FC4396 /* main.swift */; };
/* End PBXBuildFile section */

/* Begin PBXCopyFilesBuildPhase section */
		6BDCBBC22C75527D00FC4396 /* CopyFiles */ = {
			isa = PBXCopyFilesBuildPhase;
			buildActionMask = 2147483647;
			dstPath = /usr/share/man/man1/;
			dstSubfolderSpec = 0;
			files = (
			);
			runOnlyForDeploymentPostprocessing = 1;
		};
/* End PBXCopyFilesBuildPhase section */

/* Begin PBXFileReference section */
		6B4A00FE2C9A64000016F184 /* StreamMacClient.app */ = {isa = PBXFileReference; explicitFileType = wrapper.application; includeInIndex = 0; path = StreamMacClient.app; sourceTree = BUILT_PRODUCTS_DIR; };
		6B4A010D2C9A647B0016F184 /* Clients.swift */ = {isa = PBXFileReference; lastKnownFileType = sourcecode.swift; path = Clients.swift; sourceTree = "<group>"; };
		6B6068C42C950B9700879DE7 /* StreamClient.app */ = {isa = PBXFileReference; explicitFileType = wrapper.application; includeInIndex = 0; path = StreamClient.app; sourceTree = BUILT_PRODUCTS_DIR; };
		6B6068D22C950BBC00879DE7 /* WebRTCClient.swift */ = {isa = PBXFileReference; lastKnownFileType = sourcecode.swift; path = WebRTCClient.swift; sourceTree = "<group>"; };
		6B6068D42C950CE900879DE7 /* WebSocketClient.swift */ = {isa = PBXFileReference; lastKnownFileType = sourcecode.swift; path = WebSocketClient.swift; sourceTree = "<group>"; };
		6BDCBBC42C75527D00FC4396 /* Client */ = {isa = PBXFileReference; explicitFileType = "compiled.mach-o.executable"; includeInIndex = 0; path = Client; sourceTree = BUILT_PRODUCTS_DIR; };
		6BDCBBC72C75527D00FC4396 /* main.swift */ = {isa = PBXFileReference; lastKnownFileType = sourcecode.swift; path = main.swift; sourceTree = "<group>"; };
		6BDCBBD32C75576800FC4396 /* Client.entitlements */ = {isa = PBXFileReference; lastKnownFileType = text.plist.entitlements; path = Client.entitlements; sourceTree = "<group>"; };
		6BF024392C9DFA8700D1BB97 /* StreamIOSClient.app */ = {isa = PBXFileReference; explicitFileType = wrapper.application; includeInIndex = 0; path = StreamIOSClient.app; sourceTree = BUILT_PRODUCTS_DIR; };
/* End PBXFileReference section */

/* Begin PBXFileSystemSynchronizedRootGroup section */
		6B4A00FF2C9A64000016F184 /* StreamMacClient */ = {isa = PBXFileSystemSynchronizedRootGroup; explicitFileTypes = {}; explicitFolders = (); path = StreamMacClient; sourceTree = "<group>"; };
		6BF0243A2C9DFA8700D1BB97 /* StreamIOSClient */ = {isa = PBXFileSystemSynchronizedRootGroup; explicitFileTypes = {}; explicitFolders = (); path = StreamIOSClient; sourceTree = "<group>"; };
/* End PBXFileSystemSynchronizedRootGroup section */

/* Begin PBXFrameworksBuildPhase section */
		6B4A00FB2C9A64000016F184 /* Frameworks */ = {
			isa = PBXFrameworksBuildPhase;
			buildActionMask = 2147483647;
			files = (
				6B3671FF2C9E04B9000E0F3B /* WebRTC in Frameworks */,
			);
			runOnlyForDeploymentPostprocessing = 0;
		};
		6B6068C12C950B9700879DE7 /* Frameworks */ = {
			isa = PBXFrameworksBuildPhase;
			buildActionMask = 2147483647;
			files = (
			);
			runOnlyForDeploymentPostprocessing = 0;
		};
		6BDCBBC12C75527D00FC4396 /* Frameworks */ = {
			isa = PBXFrameworksBuildPhase;
			buildActionMask = 2147483647;
			files = (
				6B3672012C9E04C2000E0F3B /* WebRTC in Frameworks */,
			);
			runOnlyForDeploymentPostprocessing = 0;
		};
		6BF024362C9DFA8700D1BB97 /* Frameworks */ = {
			isa = PBXFrameworksBuildPhase;
			buildActionMask = 2147483647;
			files = (
				6B3671FD2C9E04AB000E0F3B /* WebRTC in Frameworks */,
			);
			runOnlyForDeploymentPostprocessing = 0;
		};
/* End PBXFrameworksBuildPhase section */

/* Begin PBXGroup section */
		6BDCBBBB2C75527D00FC4396 = {
			isa = PBXGroup;
			children = (
				6BDCBBC62C75527D00FC4396 /* Client */,
				6B4A00FF2C9A64000016F184 /* StreamMacClient */,
				6BF0243A2C9DFA8700D1BB97 /* StreamIOSClient */,
				6BDCBBC52C75527D00FC4396 /* Products */,
			);
			sourceTree = "<group>";
		};
		6BDCBBC52C75527D00FC4396 /* Products */ = {
			isa = PBXGroup;
			children = (
				6BDCBBC42C75527D00FC4396 /* Client */,
				6B6068C42C950B9700879DE7 /* StreamClient.app */,
				6B4A00FE2C9A64000016F184 /* StreamMacClient.app */,
				6BF024392C9DFA8700D1BB97 /* StreamIOSClient.app */,
			);
			name = Products;
			sourceTree = "<group>";
		};
		6BDCBBC62C75527D00FC4396 /* Client */ = {
			isa = PBXGroup;
			children = (
				6BDCBBD32C75576800FC4396 /* Client.entitlements */,
				6BDCBBC72C75527D00FC4396 /* main.swift */,
				6B4A010D2C9A647B0016F184 /* Clients.swift */,
				6B6068D22C950BBC00879DE7 /* WebRTCClient.swift */,
				6B6068D42C950CE900879DE7 /* WebSocketClient.swift */,
			);
			path = Client;
			sourceTree = "<group>";
		};
/* End PBXGroup section */

/* Begin PBXNativeTarget section */
		6B4A00FD2C9A64000016F184 /* StreamMacClient */ = {
			isa = PBXNativeTarget;
			buildConfigurationList = 6B4A010C2C9A64020016F184 /* Build configuration list for PBXNativeTarget "StreamMacClient" */;
			buildPhases = (
				6B4A00FA2C9A64000016F184 /* Sources */,
				6B4A00FB2C9A64000016F184 /* Frameworks */,
				6B4A00FC2C9A64000016F184 /* Resources */,
			);
			buildRules = (
			);
			dependencies = (
			);
			fileSystemSynchronizedGroups = (
				6B4A00FF2C9A64000016F184 /* StreamMacClient */,
			);
			name = StreamMacClient;
			packageProductDependencies = (
				6B3671FE2C9E04B9000E0F3B /* WebRTC */,
			);
			productName = StreamMacClient;
			productReference = 6B4A00FE2C9A64000016F184 /* StreamMacClient.app */;
			productType = "com.apple.product-type.application";
		};
		6B6068C32C950B9700879DE7 /* StreamClient */ = {
			isa = PBXNativeTarget;
			buildConfigurationList = 6B6068D12C950B9800879DE7 /* Build configuration list for PBXNativeTarget "StreamClient" */;
			buildPhases = (
				6B6068C02C950B9700879DE7 /* Sources */,
				6B6068C12C950B9700879DE7 /* Frameworks */,
				6B6068C22C950B9700879DE7 /* Resources */,
			);
			buildRules = (
			);
			dependencies = (
			);
			name = StreamClient;
			productName = StreamClient;
			productReference = 6B6068C42C950B9700879DE7 /* StreamClient.app */;
			productType = "com.apple.product-type.application";
		};
		6BDCBBC32C75527D00FC4396 /* Client */ = {
			isa = PBXNativeTarget;
			buildConfigurationList = 6BDCBBCB2C75527D00FC4396 /* Build configuration list for PBXNativeTarget "Client" */;
			buildPhases = (
				6BDCBBC02C75527D00FC4396 /* Sources */,
				6BDCBBC12C75527D00FC4396 /* Frameworks */,
				6BDCBBC22C75527D00FC4396 /* CopyFiles */,
			);
			buildRules = (
			);
			dependencies = (
			);
			name = Client;
			packageProductDependencies = (
				6B3672002C9E04C2000E0F3B /* WebRTC */,
			);
			productName = Client;
			productReference = 6BDCBBC42C75527D00FC4396 /* Client */;
			productType = "com.apple.product-type.tool";
		};
		6BF024382C9DFA8700D1BB97 /* StreamIOSClient */ = {
			isa = PBXNativeTarget;
			buildConfigurationList = 6BF024462C9DFA8900D1BB97 /* Build configuration list for PBXNativeTarget "StreamIOSClient" */;
			buildPhases = (
				6BF024352C9DFA8700D1BB97 /* Sources */,
				6BF024362C9DFA8700D1BB97 /* Frameworks */,
				6BF024372C9DFA8700D1BB97 /* Resources */,
			);
			buildRules = (
			);
			dependencies = (
			);
			fileSystemSynchronizedGroups = (
				6BF0243A2C9DFA8700D1BB97 /* StreamIOSClient */,
			);
			name = StreamIOSClient;
			packageProductDependencies = (
				6B3671FC2C9E04AB000E0F3B /* WebRTC */,
			);
			productName = StreamIOSClient;
			productReference = 6BF024392C9DFA8700D1BB97 /* StreamIOSClient.app */;
			productType = "com.apple.product-type.application";
		};
/* End PBXNativeTarget section */

/* Begin PBXProject section */
		6BDCBBBC2C75527D00FC4396 /* Project object */ = {
			isa = PBXProject;
			attributes = {
				BuildIndependentTargetsInParallel = 1;
				LastSwiftUpdateCheck = 1600;
				LastUpgradeCheck = 1530;
				TargetAttributes = {
					6B4A00FD2C9A64000016F184 = {
						CreatedOnToolsVersion = 16.0;
					};
					6B6068C32C950B9700879DE7 = {
						CreatedOnToolsVersion = 15.3;
					};
					6BDCBBC32C75527D00FC4396 = {
						CreatedOnToolsVersion = 15.3;
					};
					6BF024382C9DFA8700D1BB97 = {
						CreatedOnToolsVersion = 16.0;
					};
				};
			};
			buildConfigurationList = 6BDCBBBF2C75527D00FC4396 /* Build configuration list for PBXProject "Client" */;
			compatibilityVersion = "Xcode 14.0";
			developmentRegion = en;
			hasScannedForEncodings = 0;
			knownRegions = (
				en,
				Base,
			);
			mainGroup = 6BDCBBBB2C75527D00FC4396;
			packageReferences = (
				6B3671FB2C9E04AB000E0F3B /* XCRemoteSwiftPackageReference "WebRTC" */,
			);
			productRefGroup = 6BDCBBC52C75527D00FC4396 /* Products */;
			projectDirPath = "";
			projectRoot = "";
			targets = (
				6BDCBBC32C75527D00FC4396 /* Client */,
				6B6068C32C950B9700879DE7 /* StreamClient */,
				6B4A00FD2C9A64000016F184 /* StreamMacClient */,
				6BF024382C9DFA8700D1BB97 /* StreamIOSClient */,
			);
		};
/* End PBXProject section */

/* Begin PBXResourcesBuildPhase section */
		6B4A00FC2C9A64000016F184 /* Resources */ = {
			isa = PBXResourcesBuildPhase;
			buildActionMask = 2147483647;
			files = (
			);
			runOnlyForDeploymentPostprocessing = 0;
		};
		6B6068C22C950B9700879DE7 /* Resources */ = {
			isa = PBXResourcesBuildPhase;
			buildActionMask = 2147483647;
			files = (
			);
			runOnlyForDeploymentPostprocessing = 0;
		};
		6BF024372C9DFA8700D1BB97 /* Resources */ = {
			isa = PBXResourcesBuildPhase;
			buildActionMask = 2147483647;
			files = (
			);
			runOnlyForDeploymentPostprocessing = 0;
		};
/* End PBXResourcesBuildPhase section */

/* Begin PBXSourcesBuildPhase section */
		6B4A00FA2C9A64000016F184 /* Sources */ = {
			isa = PBXSourcesBuildPhase;
			buildActionMask = 2147483647;
			files = (
				6B4A01122C9A65630016F184 /* Clients.swift in Sources */,
				6B4A01132C9A65630016F184 /* WebRTCClient.swift in Sources */,
				6B4A01142C9A65630016F184 /* WebSocketClient.swift in Sources */,
			);
			runOnlyForDeploymentPostprocessing = 0;
		};
		6B6068C02C950B9700879DE7 /* Sources */ = {
			isa = PBXSourcesBuildPhase;
			buildActionMask = 2147483647;
			files = (
				6B4A010F2C9A65630016F184 /* Clients.swift in Sources */,
				6B4A01102C9A65630016F184 /* WebSocketClient.swift in Sources */,
				6B4A01112C9A65630016F184 /* WebRTCClient.swift in Sources */,
			);
			runOnlyForDeploymentPostprocessing = 0;
		};
		6BDCBBC02C75527D00FC4396 /* Sources */ = {
			isa = PBXSourcesBuildPhase;
			buildActionMask = 2147483647;
			files = (
				6BDCBBC82C75527D00FC4396 /* main.swift in Sources */,
				6B6068D32C950BBC00879DE7 /* WebRTCClient.swift in Sources */,
				6B4A010E2C9A64820016F184 /* Clients.swift in Sources */,
				6B6068D52C950CE900879DE7 /* WebSocketClient.swift in Sources */,
			);
			runOnlyForDeploymentPostprocessing = 0;
		};
		6BF024352C9DFA8700D1BB97 /* Sources */ = {
			isa = PBXSourcesBuildPhase;
			buildActionMask = 2147483647;
			files = (
			);
			runOnlyForDeploymentPostprocessing = 0;
		};
/* End PBXSourcesBuildPhase section */

/* Begin XCBuildConfiguration section */
		6B4A010A2C9A64020016F184 /* Debug */ = {
			isa = XCBuildConfiguration;
			buildSettings = {
				ASSETCATALOG_COMPILER_APPICON_NAME = AppIcon;
				ASSETCATALOG_COMPILER_GLOBAL_ACCENT_COLOR_NAME = AccentColor;
				CODE_SIGN_ENTITLEMENTS = StreamMacClient/StreamMacClient.entitlements;
				CODE_SIGN_STYLE = Automatic;
				COMBINE_HIDPI_IMAGES = YES;
				CURRENT_PROJECT_VERSION = 1;
				DEVELOPMENT_ASSET_PATHS = "\"StreamMacClient/Preview Content\"";
				DEVELOPMENT_TEAM = Z9JYZQ2HZ9;
				ENABLE_HARDENED_RUNTIME = YES;
				ENABLE_PREVIEWS = YES;
				GENERATE_INFOPLIST_FILE = YES;
				INFOPLIST_KEY_NSCameraUsageDescription = "Something something";
				INFOPLIST_KEY_NSHumanReadableCopyright = "";
				LD_RUNPATH_SEARCH_PATHS = (
					"$(inherited)",
					"@executable_path/../Frameworks",
				);
				MACOSX_DEPLOYMENT_TARGET = 15.0;
				MARKETING_VERSION = 1.0;
				PRODUCT_BUNDLE_IDENTIFIER = giovanna.StreamMacClient;
				PRODUCT_NAME = "$(TARGET_NAME)";
				SWIFT_EMIT_LOC_STRINGS = YES;
				SWIFT_VERSION = 5.0;
			};
			name = Debug;
		};
		6B4A010B2C9A64020016F184 /* Release */ = {
			isa = XCBuildConfiguration;
			buildSettings = {
				ASSETCATALOG_COMPILER_APPICON_NAME = AppIcon;
				ASSETCATALOG_COMPILER_GLOBAL_ACCENT_COLOR_NAME = AccentColor;
				CODE_SIGN_ENTITLEMENTS = StreamMacClient/StreamMacClient.entitlements;
				CODE_SIGN_STYLE = Automatic;
				COMBINE_HIDPI_IMAGES = YES;
				CURRENT_PROJECT_VERSION = 1;
				DEVELOPMENT_ASSET_PATHS = "\"StreamMacClient/Preview Content\"";
				DEVELOPMENT_TEAM = Z9JYZQ2HZ9;
				ENABLE_HARDENED_RUNTIME = YES;
				ENABLE_PREVIEWS = YES;
				GENERATE_INFOPLIST_FILE = YES;
				INFOPLIST_KEY_NSCameraUsageDescription = "Something something";
				INFOPLIST_KEY_NSHumanReadableCopyright = "";
				LD_RUNPATH_SEARCH_PATHS = (
					"$(inherited)",
					"@executable_path/../Frameworks",
				);
				MACOSX_DEPLOYMENT_TARGET = 15.0;
				MARKETING_VERSION = 1.0;
				PRODUCT_BUNDLE_IDENTIFIER = giovanna.StreamMacClient;
				PRODUCT_NAME = "$(TARGET_NAME)";
				SWIFT_EMIT_LOC_STRINGS = YES;
				SWIFT_VERSION = 5.0;
			};
			name = Release;
		};
		6B6068CF2C950B9800879DE7 /* Debug */ = {
			isa = XCBuildConfiguration;
			buildSettings = {
				ASSETCATALOG_COMPILER_APPICON_NAME = AppIcon;
				ASSETCATALOG_COMPILER_GLOBAL_ACCENT_COLOR_NAME = AccentColor;
				CODE_SIGN_STYLE = Automatic;
				CURRENT_PROJECT_VERSION = 1;
				DEVELOPMENT_ASSET_PATHS = "\"StreamClient/Preview Content\"";
				DEVELOPMENT_TEAM = Z9JYZQ2HZ9;
				ENABLE_PREVIEWS = YES;
				GENERATE_INFOPLIST_FILE = YES;
				INFOPLIST_KEY_UIApplicationSceneManifest_Generation = YES;
				INFOPLIST_KEY_UIApplicationSupportsIndirectInputEvents = YES;
				INFOPLIST_KEY_UILaunchScreen_Generation = YES;
				INFOPLIST_KEY_UISupportedInterfaceOrientations_iPad = "UIInterfaceOrientationPortrait UIInterfaceOrientationPortraitUpsideDown UIInterfaceOrientationLandscapeLeft UIInterfaceOrientationLandscapeRight";
				INFOPLIST_KEY_UISupportedInterfaceOrientations_iPhone = "UIInterfaceOrientationPortrait UIInterfaceOrientationLandscapeLeft UIInterfaceOrientationLandscapeRight";
				IPHONEOS_DEPLOYMENT_TARGET = 17.4;
				LD_RUNPATH_SEARCH_PATHS = (
					"$(inherited)",
					"@executable_path/Frameworks",
				);
				MARKETING_VERSION = 1.0;
				PRODUCT_BUNDLE_IDENTIFIER = giovanna.StreamClient;
				PRODUCT_NAME = "$(TARGET_NAME)";
				SDKROOT = iphoneos;
				SWIFT_EMIT_LOC_STRINGS = YES;
				SWIFT_VERSION = 5.0;
				TARGETED_DEVICE_FAMILY = "1,2";
			};
			name = Debug;
		};
		6B6068D02C950B9800879DE7 /* Release */ = {
			isa = XCBuildConfiguration;
			buildSettings = {
				ASSETCATALOG_COMPILER_APPICON_NAME = AppIcon;
				ASSETCATALOG_COMPILER_GLOBAL_ACCENT_COLOR_NAME = AccentColor;
				CODE_SIGN_STYLE = Automatic;
				CURRENT_PROJECT_VERSION = 1;
				DEVELOPMENT_ASSET_PATHS = "\"StreamClient/Preview Content\"";
				DEVELOPMENT_TEAM = Z9JYZQ2HZ9;
				ENABLE_PREVIEWS = YES;
				GENERATE_INFOPLIST_FILE = YES;
				INFOPLIST_KEY_UIApplicationSceneManifest_Generation = YES;
				INFOPLIST_KEY_UIApplicationSupportsIndirectInputEvents = YES;
				INFOPLIST_KEY_UILaunchScreen_Generation = YES;
				INFOPLIST_KEY_UISupportedInterfaceOrientations_iPad = "UIInterfaceOrientationPortrait UIInterfaceOrientationPortraitUpsideDown UIInterfaceOrientationLandscapeLeft UIInterfaceOrientationLandscapeRight";
				INFOPLIST_KEY_UISupportedInterfaceOrientations_iPhone = "UIInterfaceOrientationPortrait UIInterfaceOrientationLandscapeLeft UIInterfaceOrientationLandscapeRight";
				IPHONEOS_DEPLOYMENT_TARGET = 17.4;
				LD_RUNPATH_SEARCH_PATHS = (
					"$(inherited)",
					"@executable_path/Frameworks",
				);
				MARKETING_VERSION = 1.0;
				PRODUCT_BUNDLE_IDENTIFIER = giovanna.StreamClient;
				PRODUCT_NAME = "$(TARGET_NAME)";
				SDKROOT = iphoneos;
				SWIFT_EMIT_LOC_STRINGS = YES;
				SWIFT_VERSION = 5.0;
				TARGETED_DEVICE_FAMILY = "1,2";
				VALIDATE_PRODUCT = YES;
			};
			name = Release;
		};
		6BDCBBC92C75527D00FC4396 /* Debug */ = {
			isa = XCBuildConfiguration;
			buildSettings = {
				ALWAYS_SEARCH_USER_PATHS = NO;
				ASSETCATALOG_COMPILER_GENERATE_SWIFT_ASSET_SYMBOL_EXTENSIONS = YES;
				CLANG_ANALYZER_NONNULL = YES;
				CLANG_ANALYZER_NUMBER_OBJECT_CONVERSION = YES_AGGRESSIVE;
				CLANG_CXX_LANGUAGE_STANDARD = "gnu++20";
				CLANG_ENABLE_MODULES = YES;
				CLANG_ENABLE_OBJC_ARC = YES;
				CLANG_ENABLE_OBJC_WEAK = YES;
				CLANG_WARN_BLOCK_CAPTURE_AUTORELEASING = YES;
				CLANG_WARN_BOOL_CONVERSION = YES;
				CLANG_WARN_COMMA = YES;
				CLANG_WARN_CONSTANT_CONVERSION = YES;
				CLANG_WARN_DEPRECATED_OBJC_IMPLEMENTATIONS = YES;
				CLANG_WARN_DIRECT_OBJC_ISA_USAGE = YES_ERROR;
				CLANG_WARN_DOCUMENTATION_COMMENTS = YES;
				CLANG_WARN_EMPTY_BODY = YES;
				CLANG_WARN_ENUM_CONVERSION = YES;
				CLANG_WARN_INFINITE_RECURSION = YES;
				CLANG_WARN_INT_CONVERSION = YES;
				CLANG_WARN_NON_LITERAL_NULL_CONVERSION = YES;
				CLANG_WARN_OBJC_IMPLICIT_RETAIN_SELF = YES;
				CLANG_WARN_OBJC_LITERAL_CONVERSION = YES;
				CLANG_WARN_OBJC_ROOT_CLASS = YES_ERROR;
				CLANG_WARN_QUOTED_INCLUDE_IN_FRAMEWORK_HEADER = YES;
				CLANG_WARN_RANGE_LOOP_ANALYSIS = YES;
				CLANG_WARN_STRICT_PROTOTYPES = YES;
				CLANG_WARN_SUSPICIOUS_MOVE = YES;
				CLANG_WARN_UNGUARDED_AVAILABILITY = YES_AGGRESSIVE;
				CLANG_WARN_UNREACHABLE_CODE = YES;
				CLANG_WARN__DUPLICATE_METHOD_MATCH = YES;
				COPY_PHASE_STRIP = NO;
				DEBUG_INFORMATION_FORMAT = dwarf;
				ENABLE_STRICT_OBJC_MSGSEND = YES;
				ENABLE_TESTABILITY = YES;
				ENABLE_USER_SCRIPT_SANDBOXING = YES;
				GCC_C_LANGUAGE_STANDARD = gnu17;
				GCC_DYNAMIC_NO_PIC = NO;
				GCC_NO_COMMON_BLOCKS = YES;
				GCC_OPTIMIZATION_LEVEL = 0;
				GCC_PREPROCESSOR_DEFINITIONS = (
					"DEBUG=1",
					"$(inherited)",
				);
				GCC_WARN_64_TO_32_BIT_CONVERSION = YES;
				GCC_WARN_ABOUT_RETURN_TYPE = YES_ERROR;
				GCC_WARN_UNDECLARED_SELECTOR = YES;
				GCC_WARN_UNINITIALIZED_AUTOS = YES_AGGRESSIVE;
				GCC_WARN_UNUSED_FUNCTION = YES;
				GCC_WARN_UNUSED_VARIABLE = YES;
				LOCALIZATION_PREFERS_STRING_CATALOGS = YES;
				MACOSX_DEPLOYMENT_TARGET = 14.4;
				MTL_ENABLE_DEBUG_INFO = INCLUDE_SOURCE;
				MTL_FAST_MATH = YES;
				ONLY_ACTIVE_ARCH = YES;
				SDKROOT = macosx;
				SWIFT_ACTIVE_COMPILATION_CONDITIONS = "DEBUG $(inherited)";
				SWIFT_OPTIMIZATION_LEVEL = "-Onone";
			};
			name = Debug;
		};
		6BDCBBCA2C75527D00FC4396 /* Release */ = {
			isa = XCBuildConfiguration;
			buildSettings = {
				ALWAYS_SEARCH_USER_PATHS = NO;
				ASSETCATALOG_COMPILER_GENERATE_SWIFT_ASSET_SYMBOL_EXTENSIONS = YES;
				CLANG_ANALYZER_NONNULL = YES;
				CLANG_ANALYZER_NUMBER_OBJECT_CONVERSION = YES_AGGRESSIVE;
				CLANG_CXX_LANGUAGE_STANDARD = "gnu++20";
				CLANG_ENABLE_MODULES = YES;
				CLANG_ENABLE_OBJC_ARC = YES;
				CLANG_ENABLE_OBJC_WEAK = YES;
				CLANG_WARN_BLOCK_CAPTURE_AUTORELEASING = YES;
				CLANG_WARN_BOOL_CONVERSION = YES;
				CLANG_WARN_COMMA = YES;
				CLANG_WARN_CONSTANT_CONVERSION = YES;
				CLANG_WARN_DEPRECATED_OBJC_IMPLEMENTATIONS = YES;
				CLANG_WARN_DIRECT_OBJC_ISA_USAGE = YES_ERROR;
				CLANG_WARN_DOCUMENTATION_COMMENTS = YES;
				CLANG_WARN_EMPTY_BODY = YES;
				CLANG_WARN_ENUM_CONVERSION = YES;
				CLANG_WARN_INFINITE_RECURSION = YES;
				CLANG_WARN_INT_CONVERSION = YES;
				CLANG_WARN_NON_LITERAL_NULL_CONVERSION = YES;
				CLANG_WARN_OBJC_IMPLICIT_RETAIN_SELF = YES;
				CLANG_WARN_OBJC_LITERAL_CONVERSION = YES;
				CLANG_WARN_OBJC_ROOT_CLASS = YES_ERROR;
				CLANG_WARN_QUOTED_INCLUDE_IN_FRAMEWORK_HEADER = YES;
				CLANG_WARN_RANGE_LOOP_ANALYSIS = YES;
				CLANG_WARN_STRICT_PROTOTYPES = YES;
				CLANG_WARN_SUSPICIOUS_MOVE = YES;
				CLANG_WARN_UNGUARDED_AVAILABILITY = YES_AGGRESSIVE;
				CLANG_WARN_UNREACHABLE_CODE = YES;
				CLANG_WARN__DUPLICATE_METHOD_MATCH = YES;
				COPY_PHASE_STRIP = NO;
				DEBUG_INFORMATION_FORMAT = "dwarf-with-dsym";
				ENABLE_NS_ASSERTIONS = NO;
				ENABLE_STRICT_OBJC_MSGSEND = YES;
				ENABLE_USER_SCRIPT_SANDBOXING = YES;
				GCC_C_LANGUAGE_STANDARD = gnu17;
				GCC_NO_COMMON_BLOCKS = YES;
				GCC_WARN_64_TO_32_BIT_CONVERSION = YES;
				GCC_WARN_ABOUT_RETURN_TYPE = YES_ERROR;
				GCC_WARN_UNDECLARED_SELECTOR = YES;
				GCC_WARN_UNINITIALIZED_AUTOS = YES_AGGRESSIVE;
				GCC_WARN_UNUSED_FUNCTION = YES;
				GCC_WARN_UNUSED_VARIABLE = YES;
				LOCALIZATION_PREFERS_STRING_CATALOGS = YES;
				MACOSX_DEPLOYMENT_TARGET = 14.4;
				MTL_ENABLE_DEBUG_INFO = NO;
				MTL_FAST_MATH = YES;
				SDKROOT = macosx;
				SWIFT_COMPILATION_MODE = wholemodule;
			};
			name = Release;
		};
		6BDCBBCC2C75527D00FC4396 /* Debug */ = {
			isa = XCBuildConfiguration;
			buildSettings = {
				CODE_SIGN_ENTITLEMENTS = Client/Client.entitlements;
				CODE_SIGN_STYLE = Automatic;
				DEVELOPMENT_TEAM = Z9JYZQ2HZ9;
				ENABLE_HARDENED_RUNTIME = YES;
				PRODUCT_NAME = "$(TARGET_NAME)";
				SWIFT_VERSION = 5.0;
			};
			name = Debug;
		};
		6BDCBBCD2C75527D00FC4396 /* Release */ = {
			isa = XCBuildConfiguration;
			buildSettings = {
				CODE_SIGN_ENTITLEMENTS = Client/Client.entitlements;
				CODE_SIGN_STYLE = Automatic;
				DEVELOPMENT_TEAM = Z9JYZQ2HZ9;
				ENABLE_HARDENED_RUNTIME = YES;
				PRODUCT_NAME = "$(TARGET_NAME)";
				SWIFT_VERSION = 5.0;
			};
			name = Release;
		};
		6BF024442C9DFA8900D1BB97 /* Debug */ = {
			isa = XCBuildConfiguration;
			buildSettings = {
				ASSETCATALOG_COMPILER_APPICON_NAME = AppIcon;
				ASSETCATALOG_COMPILER_GLOBAL_ACCENT_COLOR_NAME = AccentColor;
				CODE_SIGN_STYLE = Automatic;
				CURRENT_PROJECT_VERSION = 1;
				DEVELOPMENT_ASSET_PATHS = "\"StreamIOSClient/Preview Content\"";
				DEVELOPMENT_TEAM = Z9JYZQ2HZ9;
				ENABLE_PREVIEWS = YES;
				GENERATE_INFOPLIST_FILE = YES;
				INFOPLIST_KEY_UIApplicationSceneManifest_Generation = YES;
				INFOPLIST_KEY_UIApplicationSupportsIndirectInputEvents = YES;
				INFOPLIST_KEY_UILaunchScreen_Generation = YES;
				INFOPLIST_KEY_UISupportedInterfaceOrientations_iPad = "UIInterfaceOrientationPortrait UIInterfaceOrientationPortraitUpsideDown UIInterfaceOrientationLandscapeLeft UIInterfaceOrientationLandscapeRight";
				INFOPLIST_KEY_UISupportedInterfaceOrientations_iPhone = "UIInterfaceOrientationPortrait UIInterfaceOrientationLandscapeLeft UIInterfaceOrientationLandscapeRight";
				IPHONEOS_DEPLOYMENT_TARGET = 18.0;
				LD_RUNPATH_SEARCH_PATHS = (
					"$(inherited)",
					"@executable_path/Frameworks",
				);
				MARKETING_VERSION = 1.0;
				PRODUCT_BUNDLE_IDENTIFIER = giovanna.StreamIOSClient;
				PRODUCT_NAME = "$(TARGET_NAME)";
				SDKROOT = iphoneos;
				SWIFT_EMIT_LOC_STRINGS = YES;
				SWIFT_VERSION = 5.0;
				TARGETED_DEVICE_FAMILY = "1,2";
			};
			name = Debug;
		};
		6BF024452C9DFA8900D1BB97 /* Release */ = {
			isa = XCBuildConfiguration;
			buildSettings = {
				ASSETCATALOG_COMPILER_APPICON_NAME = AppIcon;
				ASSETCATALOG_COMPILER_GLOBAL_ACCENT_COLOR_NAME = AccentColor;
				CODE_SIGN_STYLE = Automatic;
				CURRENT_PROJECT_VERSION = 1;
				DEVELOPMENT_ASSET_PATHS = "\"StreamIOSClient/Preview Content\"";
				DEVELOPMENT_TEAM = Z9JYZQ2HZ9;
				ENABLE_PREVIEWS = YES;
				GENERATE_INFOPLIST_FILE = YES;
				INFOPLIST_KEY_UIApplicationSceneManifest_Generation = YES;
				INFOPLIST_KEY_UIApplicationSupportsIndirectInputEvents = YES;
				INFOPLIST_KEY_UILaunchScreen_Generation = YES;
				INFOPLIST_KEY_UISupportedInterfaceOrientations_iPad = "UIInterfaceOrientationPortrait UIInterfaceOrientationPortraitUpsideDown UIInterfaceOrientationLandscapeLeft UIInterfaceOrientationLandscapeRight";
				INFOPLIST_KEY_UISupportedInterfaceOrientations_iPhone = "UIInterfaceOrientationPortrait UIInterfaceOrientationLandscapeLeft UIInterfaceOrientationLandscapeRight";
				IPHONEOS_DEPLOYMENT_TARGET = 18.0;
				LD_RUNPATH_SEARCH_PATHS = (
					"$(inherited)",
					"@executable_path/Frameworks",
				);
				MARKETING_VERSION = 1.0;
				PRODUCT_BUNDLE_IDENTIFIER = giovanna.StreamIOSClient;
				PRODUCT_NAME = "$(TARGET_NAME)";
				SDKROOT = iphoneos;
				SWIFT_EMIT_LOC_STRINGS = YES;
				SWIFT_VERSION = 5.0;
				TARGETED_DEVICE_FAMILY = "1,2";
				VALIDATE_PRODUCT = YES;
			};
			name = Release;
		};
/* End XCBuildConfiguration section */

/* Begin XCConfigurationList section */
		6B4A010C2C9A64020016F184 /* Build configuration list for PBXNativeTarget "StreamMacClient" */ = {
			isa = XCConfigurationList;
			buildConfigurations = (
				6B4A010A2C9A64020016F184 /* Debug */,
				6B4A010B2C9A64020016F184 /* Release */,
			);
			defaultConfigurationIsVisible = 0;
			defaultConfigurationName = Release;
		};
		6B6068D12C950B9800879DE7 /* Build configuration list for PBXNativeTarget "StreamClient" */ = {
			isa = XCConfigurationList;
			buildConfigurations = (
				6B6068CF2C950B9800879DE7 /* Debug */,
				6B6068D02C950B9800879DE7 /* Release */,
			);
			defaultConfigurationIsVisible = 0;
			defaultConfigurationName = Release;
		};
		6BDCBBBF2C75527D00FC4396 /* Build configuration list for PBXProject "Client" */ = {
			isa = XCConfigurationList;
			buildConfigurations = (
				6BDCBBC92C75527D00FC4396 /* Debug */,
				6BDCBBCA2C75527D00FC4396 /* Release */,
			);
			defaultConfigurationIsVisible = 0;
			defaultConfigurationName = Release;
		};
		6BDCBBCB2C75527D00FC4396 /* Build configuration list for PBXNativeTarget "Client" */ = {
			isa = XCConfigurationList;
			buildConfigurations = (
				6BDCBBCC2C75527D00FC4396 /* Debug */,
				6BDCBBCD2C75527D00FC4396 /* Release */,
			);
			defaultConfigurationIsVisible = 0;
			defaultConfigurationName = Release;
		};
		6BF024462C9DFA8900D1BB97 /* Build configuration list for PBXNativeTarget "StreamIOSClient" */ = {
			isa = XCConfigurationList;
			buildConfigurations = (
				6BF024442C9DFA8900D1BB97 /* Debug */,
				6BF024452C9DFA8900D1BB97 /* Release */,
			);
			defaultConfigurationIsVisible = 0;
			defaultConfigurationName = Release;
		};
/* End XCConfigurationList section */

/* Begin XCRemoteSwiftPackageReference section */
		6B3671FB2C9E04AB000E0F3B /* XCRemoteSwiftPackageReference "WebRTC" */ = {
			isa = XCRemoteSwiftPackageReference;
			repositoryURL = "https://github.com/stasel/WebRTC";
			requirement = {
				kind = upToNextMajorVersion;
				minimumVersion = 128.0.0;
			};
		};
/* End XCRemoteSwiftPackageReference section */

/* Begin XCSwiftPackageProductDependency section */
		6B3671FC2C9E04AB000E0F3B /* WebRTC */ = {
			isa = XCSwiftPackageProductDependency;
			package = 6B3671FB2C9E04AB000E0F3B /* XCRemoteSwiftPackageReference "WebRTC" */;
			productName = WebRTC;
		};
		6B3671FE2C9E04B9000E0F3B /* WebRTC */ = {
			isa = XCSwiftPackageProductDependency;
			package = 6B3671FB2C9E04AB000E0F3B /* XCRemoteSwiftPackageReference "WebRTC" */;
			productName = WebRTC;
		};
		6B3672002C9E04C2000E0F3B /* WebRTC */ = {
			isa = XCSwiftPackageProductDependency;
			package = 6B3671FB2C9E04AB000E0F3B /* XCRemoteSwiftPackageReference "WebRTC" */;
			productName = WebRTC;
		};
/* End XCSwiftPackageProductDependency section */
	};
	rootObject = 6BDCBBBC2C75527D00FC4396 /* Project object */;
}
