// !$*UTF8*$!
{
	archiveVersion = 1;
	classes = {
	};
	objectVersion = 56;
	objects = {

/* Begin PBXBuildFile section */
		6B76CD732BD2F75000DCA0C0 /* ChallengeView.swift in Sources */ = {isa = PBXBuildFile; fileRef = 6B76CD722BD2F75000DCA0C0 /* ChallengeView.swift */; };
		6B76CD752BD2F7D700DCA0C0 /* RecognizeSpeechView.swift in Sources */ = {isa = PBXBuildFile; fileRef = 6B76CD742BD2F7D700DCA0C0 /* RecognizeSpeechView.swift */; };
		6B76CD772BD2F80A00DCA0C0 /* TextWithTTSView.swift in Sources */ = {isa = PBXBuildFile; fileRef = 6B76CD762BD2F80A00DCA0C0 /* TextWithTTSView.swift */; };
		6B76CD792BD31A1300DCA0C0 /* AssistView.swift in Sources */ = {isa = PBXBuildFile; fileRef = 6B76CD782BD31A1300DCA0C0 /* AssistView.swift */; };
		6B76CD7B2BD31B1A00DCA0C0 /* CompleteReverseTranslationView.swift in Sources */ = {isa = PBXBuildFile; fileRef = 6B76CD7A2BD31B1A00DCA0C0 /* CompleteReverseTranslationView.swift */; };
		6B76CD7D2BD31C0C00DCA0C0 /* ListenView.swift in Sources */ = {isa = PBXBuildFile; fileRef = 6B76CD7C2BD31C0C00DCA0C0 /* ListenView.swift */; };
		6B76CD7F2BD31C6800DCA0C0 /* ListenCompleteView.swift in Sources */ = {isa = PBXBuildFile; fileRef = 6B76CD7E2BD31C6800DCA0C0 /* ListenCompleteView.swift */; };
		6B76CD812BD31D5500DCA0C0 /* ListenIsolationView.swift in Sources */ = {isa = PBXBuildFile; fileRef = 6B76CD802BD31D5500DCA0C0 /* ListenIsolationView.swift */; };
		6B76CD832BD31ED100DCA0C0 /* ListenMatchView.swift in Sources */ = {isa = PBXBuildFile; fileRef = 6B76CD822BD31ED100DCA0C0 /* ListenMatchView.swift */; };
		6B76CD852BD31F8400DCA0C0 /* ListenSpeakView.swift in Sources */ = {isa = PBXBuildFile; fileRef = 6B76CD842BD31F8400DCA0C0 /* ListenSpeakView.swift */; };
		6B76CD872BD31FFF00DCA0C0 /* ListenTapView.swift in Sources */ = {isa = PBXBuildFile; fileRef = 6B76CD862BD31FFF00DCA0C0 /* ListenTapView.swift */; };
		6B76CD892BD3215400DCA0C0 /* MatchView.swift in Sources */ = {isa = PBXBuildFile; fileRef = 6B76CD882BD3215400DCA0C0 /* MatchView.swift */; };
		6B76CD8B2BD321B300DCA0C0 /* NameView.swift in Sources */ = {isa = PBXBuildFile; fileRef = 6B76CD8A2BD321B300DCA0C0 /* NameView.swift */; };
		6B76CD8D2BD3220C00DCA0C0 /* PartialReverseTranslateView.swift in Sources */ = {isa = PBXBuildFile; fileRef = 6B76CD8C2BD3220C00DCA0C0 /* PartialReverseTranslateView.swift */; };
		6B76CD8F2BD322DE00DCA0C0 /* SelectView.swift in Sources */ = {isa = PBXBuildFile; fileRef = 6B76CD8E2BD322DE00DCA0C0 /* SelectView.swift */; };
		6B76CD912BD3243D00DCA0C0 /* SpeakView.swift in Sources */ = {isa = PBXBuildFile; fileRef = 6B76CD902BD3243D00DCA0C0 /* SpeakView.swift */; };
		6B76CD932BD324C100DCA0C0 /* TranslateView.swift in Sources */ = {isa = PBXBuildFile; fileRef = 6B76CD922BD324C100DCA0C0 /* TranslateView.swift */; };
		6B76CD9A2BD85DF700DCA0C0 /* TextListenView.swift in Sources */ = {isa = PBXBuildFile; fileRef = 6B76CD992BD85DF700DCA0C0 /* TextListenView.swift */; };
		6BA222C32BB8D86A00E11D96 /* FreeolingoApp.swift in Sources */ = {isa = PBXBuildFile; fileRef = 6BA222C22BB8D86A00E11D96 /* FreeolingoApp.swift */; };
		6BA222C52BB8D86A00E11D96 /* ContentView.swift in Sources */ = {isa = PBXBuildFile; fileRef = 6BA222C42BB8D86A00E11D96 /* ContentView.swift */; };
		6BA222C72BB8D86B00E11D96 /* Assets.xcassets in Resources */ = {isa = PBXBuildFile; fileRef = 6BA222C62BB8D86B00E11D96 /* Assets.xcassets */; };
		6BA222CA2BB8D86B00E11D96 /* Preview Assets.xcassets in Resources */ = {isa = PBXBuildFile; fileRef = 6BA222C92BB8D86B00E11D96 /* Preview Assets.xcassets */; };
		6BA222D12BB8DACF00E11D96 /* Data in Resources */ = {isa = PBXBuildFile; fileRef = 6BA222D02BB8DACF00E11D96 /* Data */; };
		6BA596EB2C00A542007AEEF9 /* TestingView.swift in Sources */ = {isa = PBXBuildFile; fileRef = 6BA596EA2C00A542007AEEF9 /* TestingView.swift */; };
		6BA596ED2C00AD23007AEEF9 /* SessionChallengesView.swift in Sources */ = {isa = PBXBuildFile; fileRef = 6BA596EC2C00AD23007AEEF9 /* SessionChallengesView.swift */; };
		6BA596EF2C00AEAA007AEEF9 /* ModelSamples.swift in Sources */ = {isa = PBXBuildFile; fileRef = 6BA596EE2C00AEAA007AEEF9 /* ModelSamples.swift */; };
		6BA596F12C00B9A9007AEEF9 /* SessionView.swift in Sources */ = {isa = PBXBuildFile; fileRef = 6BA596F02C00B9A9007AEEF9 /* SessionView.swift */; };
		6BA596F32C00BA01007AEEF9 /* LevelView.swift in Sources */ = {isa = PBXBuildFile; fileRef = 6BA596F22C00BA01007AEEF9 /* LevelView.swift */; };
		6BA596F52C00BA6B007AEEF9 /* SectionView.swift in Sources */ = {isa = PBXBuildFile; fileRef = 6BA596F42C00BA6B007AEEF9 /* SectionView.swift */; };
		6BA596F72C00BAA2007AEEF9 /* CourseView.swift in Sources */ = {isa = PBXBuildFile; fileRef = 6BA596F62C00BAA2007AEEF9 /* CourseView.swift */; };
		6BA596F92C00BADA007AEEF9 /* CoursesListView.swift in Sources */ = {isa = PBXBuildFile; fileRef = 6BA596F82C00BADA007AEEF9 /* CoursesListView.swift */; };
		6BA596FB2C00BB02007AEEF9 /* AllChallengesView.swift in Sources */ = {isa = PBXBuildFile; fileRef = 6BA596FA2C00BB02007AEEF9 /* AllChallengesView.swift */; };
		6BA596FD2C00EC92007AEEF9 /* Settings.bundle in Resources */ = {isa = PBXBuildFile; fileRef = 6BA596FC2C00EC92007AEEF9 /* Settings.bundle */; };
		6BF2BEDE2C2B1E17000ABE81 /* StringMetric in Frameworks */ = {isa = PBXBuildFile; productRef = 6BF2BEDD2C2B1E17000ABE81 /* StringMetric */; };
		6BF2BEE02C2B1E1D000ABE81 /* WrappingHStack in Frameworks */ = {isa = PBXBuildFile; productRef = 6BF2BEDF2C2B1E1D000ABE81 /* WrappingHStack */; };
		EC5C64082BBAE46F00EB1E56 /* Models.swift in Sources */ = {isa = PBXBuildFile; fileRef = EC5C64072BBAE46F00EB1E56 /* Models.swift */; };
		EC5C640A2BBAE49300EB1E56 /* Utils.swift in Sources */ = {isa = PBXBuildFile; fileRef = EC5C64092BBAE49300EB1E56 /* Utils.swift */; };
		EC5C640C2BBAE67600EB1E56 /* Store.swift in Sources */ = {isa = PBXBuildFile; fileRef = EC5C640B2BBAE67600EB1E56 /* Store.swift */; };
/* End PBXBuildFile section */

/* Begin PBXFileReference section */
		6B76CD722BD2F75000DCA0C0 /* ChallengeView.swift */ = {isa = PBXFileReference; lastKnownFileType = sourcecode.swift; path = ChallengeView.swift; sourceTree = "<group>"; };
		6B76CD742BD2F7D700DCA0C0 /* RecognizeSpeechView.swift */ = {isa = PBXFileReference; lastKnownFileType = sourcecode.swift; path = RecognizeSpeechView.swift; sourceTree = "<group>"; };
		6B76CD762BD2F80A00DCA0C0 /* TextWithTTSView.swift */ = {isa = PBXFileReference; lastKnownFileType = sourcecode.swift; path = TextWithTTSView.swift; sourceTree = "<group>"; };
		6B76CD782BD31A1300DCA0C0 /* AssistView.swift */ = {isa = PBXFileReference; lastKnownFileType = sourcecode.swift; path = AssistView.swift; sourceTree = "<group>"; };
		6B76CD7A2BD31B1A00DCA0C0 /* CompleteReverseTranslationView.swift */ = {isa = PBXFileReference; fileEncoding = 4; lastKnownFileType = sourcecode.swift; path = CompleteReverseTranslationView.swift; sourceTree = "<group>"; };
		6B76CD7C2BD31C0C00DCA0C0 /* ListenView.swift */ = {isa = PBXFileReference; fileEncoding = 4; lastKnownFileType = sourcecode.swift; path = ListenView.swift; sourceTree = "<group>"; };
		6B76CD7E2BD31C6800DCA0C0 /* ListenCompleteView.swift */ = {isa = PBXFileReference; fileEncoding = 4; lastKnownFileType = sourcecode.swift; path = ListenCompleteView.swift; sourceTree = "<group>"; };
		6B76CD802BD31D5500DCA0C0 /* ListenIsolationView.swift */ = {isa = PBXFileReference; fileEncoding = 4; lastKnownFileType = sourcecode.swift; path = ListenIsolationView.swift; sourceTree = "<group>"; };
		6B76CD822BD31ED100DCA0C0 /* ListenMatchView.swift */ = {isa = PBXFileReference; fileEncoding = 4; lastKnownFileType = sourcecode.swift; path = ListenMatchView.swift; sourceTree = "<group>"; };
		6B76CD842BD31F8400DCA0C0 /* ListenSpeakView.swift */ = {isa = PBXFileReference; fileEncoding = 4; lastKnownFileType = sourcecode.swift; path = ListenSpeakView.swift; sourceTree = "<group>"; };
		6B76CD862BD31FFF00DCA0C0 /* ListenTapView.swift */ = {isa = PBXFileReference; fileEncoding = 4; lastKnownFileType = sourcecode.swift; path = ListenTapView.swift; sourceTree = "<group>"; };
		6B76CD882BD3215400DCA0C0 /* MatchView.swift */ = {isa = PBXFileReference; fileEncoding = 4; lastKnownFileType = sourcecode.swift; path = MatchView.swift; sourceTree = "<group>"; };
		6B76CD8A2BD321B300DCA0C0 /* NameView.swift */ = {isa = PBXFileReference; fileEncoding = 4; lastKnownFileType = sourcecode.swift; path = NameView.swift; sourceTree = "<group>"; };
		6B76CD8C2BD3220C00DCA0C0 /* PartialReverseTranslateView.swift */ = {isa = PBXFileReference; fileEncoding = 4; lastKnownFileType = sourcecode.swift; path = PartialReverseTranslateView.swift; sourceTree = "<group>"; };
		6B76CD8E2BD322DE00DCA0C0 /* SelectView.swift */ = {isa = PBXFileReference; fileEncoding = 4; lastKnownFileType = sourcecode.swift; path = SelectView.swift; sourceTree = "<group>"; };
		6B76CD902BD3243D00DCA0C0 /* SpeakView.swift */ = {isa = PBXFileReference; fileEncoding = 4; lastKnownFileType = sourcecode.swift; path = SpeakView.swift; sourceTree = "<group>"; };
		6B76CD922BD324C100DCA0C0 /* TranslateView.swift */ = {isa = PBXFileReference; fileEncoding = 4; lastKnownFileType = sourcecode.swift; path = TranslateView.swift; sourceTree = "<group>"; };
		6B76CD992BD85DF700DCA0C0 /* TextListenView.swift */ = {isa = PBXFileReference; lastKnownFileType = sourcecode.swift; path = TextListenView.swift; sourceTree = "<group>"; };
		6BA222BF2BB8D86A00E11D96 /* Freeolingo.app */ = {isa = PBXFileReference; explicitFileType = wrapper.application; includeInIndex = 0; path = Freeolingo.app; sourceTree = BUILT_PRODUCTS_DIR; };
		6BA222C22BB8D86A00E11D96 /* FreeolingoApp.swift */ = {isa = PBXFileReference; lastKnownFileType = sourcecode.swift; path = FreeolingoApp.swift; sourceTree = "<group>"; };
		6BA222C42BB8D86A00E11D96 /* ContentView.swift */ = {isa = PBXFileReference; lastKnownFileType = sourcecode.swift; path = ContentView.swift; sourceTree = "<group>"; };
		6BA222C62BB8D86B00E11D96 /* Assets.xcassets */ = {isa = PBXFileReference; lastKnownFileType = folder.assetcatalog; path = Assets.xcassets; sourceTree = "<group>"; };
		6BA222C92BB8D86B00E11D96 /* Preview Assets.xcassets */ = {isa = PBXFileReference; lastKnownFileType = folder.assetcatalog; path = "Preview Assets.xcassets"; sourceTree = "<group>"; };
		6BA222D02BB8DACF00E11D96 /* Data */ = {isa = PBXFileReference; lastKnownFileType = folder; path = Data; sourceTree = "<group>"; };
		6BA596EA2C00A542007AEEF9 /* TestingView.swift */ = {isa = PBXFileReference; lastKnownFileType = sourcecode.swift; path = TestingView.swift; sourceTree = "<group>"; };
		6BA596EC2C00AD23007AEEF9 /* SessionChallengesView.swift */ = {isa = PBXFileReference; lastKnownFileType = sourcecode.swift; path = SessionChallengesView.swift; sourceTree = "<group>"; };
		6BA596EE2C00AEAA007AEEF9 /* ModelSamples.swift */ = {isa = PBXFileReference; lastKnownFileType = sourcecode.swift; path = ModelSamples.swift; sourceTree = "<group>"; };
		6BA596F02C00B9A9007AEEF9 /* SessionView.swift */ = {isa = PBXFileReference; lastKnownFileType = sourcecode.swift; path = SessionView.swift; sourceTree = "<group>"; };
		6BA596F22C00BA01007AEEF9 /* LevelView.swift */ = {isa = PBXFileReference; lastKnownFileType = sourcecode.swift; path = LevelView.swift; sourceTree = "<group>"; };
		6BA596F42C00BA6B007AEEF9 /* SectionView.swift */ = {isa = PBXFileReference; lastKnownFileType = sourcecode.swift; path = SectionView.swift; sourceTree = "<group>"; };
		6BA596F62C00BAA2007AEEF9 /* CourseView.swift */ = {isa = PBXFileReference; lastKnownFileType = sourcecode.swift; path = CourseView.swift; sourceTree = "<group>"; };
		6BA596F82C00BADA007AEEF9 /* CoursesListView.swift */ = {isa = PBXFileReference; lastKnownFileType = sourcecode.swift; path = CoursesListView.swift; sourceTree = "<group>"; };
		6BA596FA2C00BB02007AEEF9 /* AllChallengesView.swift */ = {isa = PBXFileReference; lastKnownFileType = sourcecode.swift; path = AllChallengesView.swift; sourceTree = "<group>"; };
		6BA596FC2C00EC92007AEEF9 /* Settings.bundle */ = {isa = PBXFileReference; lastKnownFileType = "wrapper.plug-in"; path = Settings.bundle; sourceTree = "<group>"; };
		EC5C64072BBAE46F00EB1E56 /* Models.swift */ = {isa = PBXFileReference; lastKnownFileType = sourcecode.swift; path = Models.swift; sourceTree = "<group>"; };
		EC5C64092BBAE49300EB1E56 /* Utils.swift */ = {isa = PBXFileReference; lastKnownFileType = sourcecode.swift; path = Utils.swift; sourceTree = "<group>"; };
		EC5C640B2BBAE67600EB1E56 /* Store.swift */ = {isa = PBXFileReference; lastKnownFileType = sourcecode.swift; path = Store.swift; sourceTree = "<group>"; };
/* End PBXFileReference section */

/* Begin PBXFrameworksBuildPhase section */
		6BA222BC2BB8D86A00E11D96 /* Frameworks */ = {
			isa = PBXFrameworksBuildPhase;
			buildActionMask = 2147483647;
			files = (
				6BF2BEE02C2B1E1D000ABE81 /* WrappingHStack in Frameworks */,
				6BF2BEDE2C2B1E17000ABE81 /* StringMetric in Frameworks */,
			);
			runOnlyForDeploymentPostprocessing = 0;
		};
/* End PBXFrameworksBuildPhase section */

/* Begin PBXGroup section */
		6B76CD712BD2F73100DCA0C0 /* Challenges */ = {
			isa = PBXGroup;
			children = (
				6B76CD782BD31A1300DCA0C0 /* AssistView.swift */,
				6B76CD722BD2F75000DCA0C0 /* ChallengeView.swift */,
				6B76CD7A2BD31B1A00DCA0C0 /* CompleteReverseTranslationView.swift */,
				6B76CD7E2BD31C6800DCA0C0 /* ListenCompleteView.swift */,
				6B76CD802BD31D5500DCA0C0 /* ListenIsolationView.swift */,
				6B76CD822BD31ED100DCA0C0 /* ListenMatchView.swift */,
				6B76CD842BD31F8400DCA0C0 /* ListenSpeakView.swift */,
				6B76CD862BD31FFF00DCA0C0 /* ListenTapView.swift */,
				6B76CD7C2BD31C0C00DCA0C0 /* ListenView.swift */,
				6B76CD882BD3215400DCA0C0 /* MatchView.swift */,
				6B76CD8A2BD321B300DCA0C0 /* NameView.swift */,
				6B76CD8C2BD3220C00DCA0C0 /* PartialReverseTranslateView.swift */,
				6B76CD8E2BD322DE00DCA0C0 /* SelectView.swift */,
				6B76CD902BD3243D00DCA0C0 /* SpeakView.swift */,
				6B76CD922BD324C100DCA0C0 /* TranslateView.swift */,
			);
			path = Challenges;
			sourceTree = "<group>";
		};
		6BA222B62BB8D86A00E11D96 = {
			isa = PBXGroup;
			children = (
				6BA222C12BB8D86A00E11D96 /* Freeolingo */,
				6BA222C02BB8D86A00E11D96 /* Products */,
			);
			sourceTree = "<group>";
		};
		6BA222C02BB8D86A00E11D96 /* Products */ = {
			isa = PBXGroup;
			children = (
				6BA222BF2BB8D86A00E11D96 /* Freeolingo.app */,
			);
			name = Products;
			sourceTree = "<group>";
		};
		6BA222C12BB8D86A00E11D96 /* Freeolingo */ = {
			isa = PBXGroup;
			children = (
				6B76CD712BD2F73100DCA0C0 /* Challenges */,
				6BA222D02BB8DACF00E11D96 /* Data */,
				6BA222C22BB8D86A00E11D96 /* FreeolingoApp.swift */,
				6BA222C42BB8D86A00E11D96 /* ContentView.swift */,
				6BA222C62BB8D86B00E11D96 /* Assets.xcassets */,
				6BA222C82BB8D86B00E11D96 /* Preview Content */,
				EC5C64072BBAE46F00EB1E56 /* Models.swift */,
				6BA596EE2C00AEAA007AEEF9 /* ModelSamples.swift */,
				EC5C64092BBAE49300EB1E56 /* Utils.swift */,
				EC5C640B2BBAE67600EB1E56 /* Store.swift */,
				6B76CD742BD2F7D700DCA0C0 /* RecognizeSpeechView.swift */,
				6B76CD762BD2F80A00DCA0C0 /* TextWithTTSView.swift */,
				6B76CD992BD85DF700DCA0C0 /* TextListenView.swift */,
				6BA596EA2C00A542007AEEF9 /* TestingView.swift */,
				6BA596EC2C00AD23007AEEF9 /* SessionChallengesView.swift */,
				6BA596F02C00B9A9007AEEF9 /* SessionView.swift */,
				6BA596F22C00BA01007AEEF9 /* LevelView.swift */,
				6BA596F42C00BA6B007AEEF9 /* SectionView.swift */,
				6BA596F62C00BAA2007AEEF9 /* CourseView.swift */,
				6BA596F82C00BADA007AEEF9 /* CoursesListView.swift */,
				6BA596FA2C00BB02007AEEF9 /* AllChallengesView.swift */,
				6BA596FC2C00EC92007AEEF9 /* Settings.bundle */,
			);
			path = Freeolingo;
			sourceTree = "<group>";
		};
		6BA222C82BB8D86B00E11D96 /* Preview Content */ = {
			isa = PBXGroup;
			children = (
				6BA222C92BB8D86B00E11D96 /* Preview Assets.xcassets */,
			);
			path = "Preview Content";
			sourceTree = "<group>";
		};
/* End PBXGroup section */

/* Begin PBXNativeTarget section */
		6BA222BE2BB8D86A00E11D96 /* Freeolingo */ = {
			isa = PBXNativeTarget;
			buildConfigurationList = 6BA222CD2BB8D86B00E11D96 /* Build configuration list for PBXNativeTarget "Freeolingo" */;
			buildPhases = (
				6BA222BB2BB8D86A00E11D96 /* Sources */,
				6BA222BC2BB8D86A00E11D96 /* Frameworks */,
				6BA222BD2BB8D86A00E11D96 /* Resources */,
			);
			buildRules = (
			);
			dependencies = (
			);
			name = Freeolingo;
			packageProductDependencies = (
				6BF2BEDD2C2B1E17000ABE81 /* StringMetric */,
				6BF2BEDF2C2B1E1D000ABE81 /* WrappingHStack */,
			);
			productName = Freeolingo;
			productReference = 6BA222BF2BB8D86A00E11D96 /* Freeolingo.app */;
			productType = "com.apple.product-type.application";
		};
/* End PBXNativeTarget section */

/* Begin PBXProject section */
		6BA222B72BB8D86A00E11D96 /* Project object */ = {
			isa = PBXProject;
			attributes = {
				BuildIndependentTargetsInParallel = 1;
				LastSwiftUpdateCheck = 1530;
				LastUpgradeCheck = 1530;
				TargetAttributes = {
					6BA222BE2BB8D86A00E11D96 = {
						CreatedOnToolsVersion = 15.3;
					};
				};
			};
			buildConfigurationList = 6BA222BA2BB8D86A00E11D96 /* Build configuration list for PBXProject "Freeolingo" */;
			compatibilityVersion = "Xcode 14.0";
			developmentRegion = en;
			hasScannedForEncodings = 0;
			knownRegions = (
				en,
				Base,
			);
			mainGroup = 6BA222B62BB8D86A00E11D96;
			packageReferences = (
				6B76CD962BD8521600DCA0C0 /* XCRemoteSwiftPackageReference "WrappingHStack" */,
				6B76CD9B2BE4898A00DCA0C0 /* XCRemoteSwiftPackageReference "StringMetric.swift" */,
				6BF2BED82C2A75D6000ABE81 /* XCRemoteSwiftPackageReference "SVGKit" */,
			);
			productRefGroup = 6BA222C02BB8D86A00E11D96 /* Products */;
			projectDirPath = "";
			projectRoot = "";
			targets = (
				6BA222BE2BB8D86A00E11D96 /* Freeolingo */,
			);
		};
/* End PBXProject section */

/* Begin PBXResourcesBuildPhase section */
		6BA222BD2BB8D86A00E11D96 /* Resources */ = {
			isa = PBXResourcesBuildPhase;
			buildActionMask = 2147483647;
			files = (
				6BA596FD2C00EC92007AEEF9 /* Settings.bundle in Resources */,
				6BA222CA2BB8D86B00E11D96 /* Preview Assets.xcassets in Resources */,
				6BA222C72BB8D86B00E11D96 /* Assets.xcassets in Resources */,
				6BA222D12BB8DACF00E11D96 /* Data in Resources */,
			);
			runOnlyForDeploymentPostprocessing = 0;
		};
/* End PBXResourcesBuildPhase section */

/* Begin PBXSourcesBuildPhase section */
		6BA222BB2BB8D86A00E11D96 /* Sources */ = {
			isa = PBXSourcesBuildPhase;
			buildActionMask = 2147483647;
			files = (
				6BA596F52C00BA6B007AEEF9 /* SectionView.swift in Sources */,
				6BA596ED2C00AD23007AEEF9 /* SessionChallengesView.swift in Sources */,
				6B76CD9A2BD85DF700DCA0C0 /* TextListenView.swift in Sources */,
				EC5C640C2BBAE67600EB1E56 /* Store.swift in Sources */,
				EC5C64082BBAE46F00EB1E56 /* Models.swift in Sources */,
				6BA596F92C00BADA007AEEF9 /* CoursesListView.swift in Sources */,
				6B76CD812BD31D5500DCA0C0 /* ListenIsolationView.swift in Sources */,
				6B76CD7F2BD31C6800DCA0C0 /* ListenCompleteView.swift in Sources */,
				6B76CD832BD31ED100DCA0C0 /* ListenMatchView.swift in Sources */,
				6BA596F12C00B9A9007AEEF9 /* SessionView.swift in Sources */,
				6BA596EB2C00A542007AEEF9 /* TestingView.swift in Sources */,
				6B76CD7B2BD31B1A00DCA0C0 /* CompleteReverseTranslationView.swift in Sources */,
				6B76CD8D2BD3220C00DCA0C0 /* PartialReverseTranslateView.swift in Sources */,
				6B76CD912BD3243D00DCA0C0 /* SpeakView.swift in Sources */,
				6BA596EF2C00AEAA007AEEF9 /* ModelSamples.swift in Sources */,
				6B76CD752BD2F7D700DCA0C0 /* RecognizeSpeechView.swift in Sources */,
				6BA596FB2C00BB02007AEEF9 /* AllChallengesView.swift in Sources */,
				6B76CD732BD2F75000DCA0C0 /* ChallengeView.swift in Sources */,
				6B76CD792BD31A1300DCA0C0 /* AssistView.swift in Sources */,
				6BA596F72C00BAA2007AEEF9 /* CourseView.swift in Sources */,
				6B76CD8F2BD322DE00DCA0C0 /* SelectView.swift in Sources */,
				6BA222C52BB8D86A00E11D96 /* ContentView.swift in Sources */,
				6B76CD892BD3215400DCA0C0 /* MatchView.swift in Sources */,
				6B76CD8B2BD321B300DCA0C0 /* NameView.swift in Sources */,
				6B76CD7D2BD31C0C00DCA0C0 /* ListenView.swift in Sources */,
				6BA596F32C00BA01007AEEF9 /* LevelView.swift in Sources */,
				6BA222C32BB8D86A00E11D96 /* FreeolingoApp.swift in Sources */,
				EC5C640A2BBAE49300EB1E56 /* Utils.swift in Sources */,
				6B76CD872BD31FFF00DCA0C0 /* ListenTapView.swift in Sources */,
				6B76CD852BD31F8400DCA0C0 /* ListenSpeakView.swift in Sources */,
				6B76CD772BD2F80A00DCA0C0 /* TextWithTTSView.swift in Sources */,
				6B76CD932BD324C100DCA0C0 /* TranslateView.swift in Sources */,
			);
			runOnlyForDeploymentPostprocessing = 0;
		};
/* End PBXSourcesBuildPhase section */

/* Begin XCBuildConfiguration section */
		6BA222CB2BB8D86B00E11D96 /* Debug */ = {
			isa = XCBuildConfiguration;
			buildSettings = {
				ALWAYS_SEARCH_USER_PATHS = NO;
				ASSETCATALOG_COMPILER_GENERATE_SWIFT_ASSET_SYMBOL_EXTENSIONS = YES;
				CLANG_ANALYZER_NONNULL = YES;
				CLANG_ANALYZER_NUMBER_OBJECT_CONVERSION = YES_AGGRESSIVE;
				CLANG_CXX_LANGUAGE_STANDARD = "gnu++20";
				CLANG_ENABLE_MODULES = YES;
				CLANG_ENABLE_OBJC_ARC = YES;
				CLANG_ENABLE_OBJC_WEAK = YES;
				CLANG_WARN_BLOCK_CAPTURE_AUTORELEASING = YES;
				CLANG_WARN_BOOL_CONVERSION = YES;
				CLANG_WARN_COMMA = YES;
				CLANG_WARN_CONSTANT_CONVERSION = YES;
				CLANG_WARN_DEPRECATED_OBJC_IMPLEMENTATIONS = YES;
				CLANG_WARN_DIRECT_OBJC_ISA_USAGE = YES_ERROR;
				CLANG_WARN_DOCUMENTATION_COMMENTS = YES;
				CLANG_WARN_EMPTY_BODY = YES;
				CLANG_WARN_ENUM_CONVERSION = YES;
				CLANG_WARN_INFINITE_RECURSION = YES;
				CLANG_WARN_INT_CONVERSION = YES;
				CLANG_WARN_NON_LITERAL_NULL_CONVERSION = YES;
				CLANG_WARN_OBJC_IMPLICIT_RETAIN_SELF = YES;
				CLANG_WARN_OBJC_LITERAL_CONVERSION = YES;
				CLANG_WARN_OBJC_ROOT_CLASS = YES_ERROR;
				CLANG_WARN_QUOTED_INCLUDE_IN_FRAMEWORK_HEADER = YES;
				CLANG_WARN_RANGE_LOOP_ANALYSIS = YES;
				CLANG_WARN_STRICT_PROTOTYPES = YES;
				CLANG_WARN_SUSPICIOUS_MOVE = YES;
				CLANG_WARN_UNGUARDED_AVAILABILITY = YES_AGGRESSIVE;
				CLANG_WARN_UNREACHABLE_CODE = YES;
				CLANG_WARN__DUPLICATE_METHOD_MATCH = YES;
				COPY_PHASE_STRIP = NO;
				DEBUG_INFORMATION_FORMAT = dwarf;
				ENABLE_STRICT_OBJC_MSGSEND = YES;
				ENABLE_TESTABILITY = YES;
				ENABLE_USER_SCRIPT_SANDBOXING = YES;
				GCC_C_LANGUAGE_STANDARD = gnu17;
				GCC_DYNAMIC_NO_PIC = NO;
				GCC_NO_COMMON_BLOCKS = YES;
				GCC_OPTIMIZATION_LEVEL = 0;
				GCC_PREPROCESSOR_DEFINITIONS = (
					"DEBUG=1",
					"$(inherited)",
				);
				GCC_WARN_64_TO_32_BIT_CONVERSION = YES;
				GCC_WARN_ABOUT_RETURN_TYPE = YES_ERROR;
				GCC_WARN_UNDECLARED_SELECTOR = YES;
				GCC_WARN_UNINITIALIZED_AUTOS = YES_AGGRESSIVE;
				GCC_WARN_UNUSED_FUNCTION = YES;
				GCC_WARN_UNUSED_VARIABLE = YES;
				IPHONEOS_DEPLOYMENT_TARGET = 17.4;
				LOCALIZATION_PREFERS_STRING_CATALOGS = YES;
				MTL_ENABLE_DEBUG_INFO = INCLUDE_SOURCE;
				MTL_FAST_MATH = YES;
				ONLY_ACTIVE_ARCH = YES;
				SDKROOT = iphoneos;
				SWIFT_ACTIVE_COMPILATION_CONDITIONS = "DEBUG $(inherited)";
				SWIFT_OPTIMIZATION_LEVEL = "-Onone";
			};
			name = Debug;
		};
		6BA222CC2BB8D86B00E11D96 /* Release */ = {
			isa = XCBuildConfiguration;
			buildSettings = {
				ALWAYS_SEARCH_USER_PATHS = NO;
				ASSETCATALOG_COMPILER_GENERATE_SWIFT_ASSET_SYMBOL_EXTENSIONS = YES;
				CLANG_ANALYZER_NONNULL = YES;
				CLANG_ANALYZER_NUMBER_OBJECT_CONVERSION = YES_AGGRESSIVE;
				CLANG_CXX_LANGUAGE_STANDARD = "gnu++20";
				CLANG_ENABLE_MODULES = YES;
				CLANG_ENABLE_OBJC_ARC = YES;
				CLANG_ENABLE_OBJC_WEAK = YES;
				CLANG_WARN_BLOCK_CAPTURE_AUTORELEASING = YES;
				CLANG_WARN_BOOL_CONVERSION = YES;
				CLANG_WARN_COMMA = YES;
				CLANG_WARN_CONSTANT_CONVERSION = YES;
				CLANG_WARN_DEPRECATED_OBJC_IMPLEMENTATIONS = YES;
				CLANG_WARN_DIRECT_OBJC_ISA_USAGE = YES_ERROR;
				CLANG_WARN_DOCUMENTATION_COMMENTS = YES;
				CLANG_WARN_EMPTY_BODY = YES;
				CLANG_WARN_ENUM_CONVERSION = YES;
				CLANG_WARN_INFINITE_RECURSION = YES;
				CLANG_WARN_INT_CONVERSION = YES;
				CLANG_WARN_NON_LITERAL_NULL_CONVERSION = YES;
				CLANG_WARN_OBJC_IMPLICIT_RETAIN_SELF = YES;
				CLANG_WARN_OBJC_LITERAL_CONVERSION = YES;
				CLANG_WARN_OBJC_ROOT_CLASS = YES_ERROR;
				CLANG_WARN_QUOTED_INCLUDE_IN_FRAMEWORK_HEADER = YES;
				CLANG_WARN_RANGE_LOOP_ANALYSIS = YES;
				CLANG_WARN_STRICT_PROTOTYPES = YES;
				CLANG_WARN_SUSPICIOUS_MOVE = YES;
				CLANG_WARN_UNGUARDED_AVAILABILITY = YES_AGGRESSIVE;
				CLANG_WARN_UNREACHABLE_CODE = YES;
				CLANG_WARN__DUPLICATE_METHOD_MATCH = YES;
				COPY_PHASE_STRIP = NO;
				DEBUG_INFORMATION_FORMAT = "dwarf-with-dsym";
				ENABLE_NS_ASSERTIONS = NO;
				ENABLE_STRICT_OBJC_MSGSEND = YES;
				ENABLE_USER_SCRIPT_SANDBOXING = YES;
				GCC_C_LANGUAGE_STANDARD = gnu17;
				GCC_NO_COMMON_BLOCKS = YES;
				GCC_WARN_64_TO_32_BIT_CONVERSION = YES;
				GCC_WARN_ABOUT_RETURN_TYPE = YES_ERROR;
				GCC_WARN_UNDECLARED_SELECTOR = YES;
				GCC_WARN_UNINITIALIZED_AUTOS = YES_AGGRESSIVE;
				GCC_WARN_UNUSED_FUNCTION = YES;
				GCC_WARN_UNUSED_VARIABLE = YES;
				IPHONEOS_DEPLOYMENT_TARGET = 17.4;
				LOCALIZATION_PREFERS_STRING_CATALOGS = YES;
				MTL_ENABLE_DEBUG_INFO = NO;
				MTL_FAST_MATH = YES;
				SDKROOT = iphoneos;
				SWIFT_COMPILATION_MODE = wholemodule;
				VALIDATE_PRODUCT = YES;
			};
			name = Release;
		};
		6BA222CE2BB8D86B00E11D96 /* Debug */ = {
			isa = XCBuildConfiguration;
			buildSettings = {
				ASSETCATALOG_COMPILER_APPICON_NAME = AppIcon;
				ASSETCATALOG_COMPILER_GLOBAL_ACCENT_COLOR_NAME = AccentColor;
				CODE_SIGN_STYLE = Automatic;
				CURRENT_PROJECT_VERSION = 1;
				DEVELOPMENT_ASSET_PATHS = "\"Freeolingo/Preview Content\"";
				DEVELOPMENT_TEAM = Z9JYZQ2HZ9;
				ENABLE_PREVIEWS = YES;
				GENERATE_INFOPLIST_FILE = YES;
				INFOPLIST_KEY_NSSpeechRecognitionUsageDescription = "Description of why your app needs access to speech recognition.";
				INFOPLIST_KEY_UIApplicationSceneManifest_Generation = YES;
				INFOPLIST_KEY_UIApplicationSupportsIndirectInputEvents = YES;
				INFOPLIST_KEY_UILaunchScreen_Generation = YES;
				INFOPLIST_KEY_UISupportedInterfaceOrientations = UIInterfaceOrientationPortrait;
				IPHONEOS_DEPLOYMENT_TARGET = 17.0;
				LD_RUNPATH_SEARCH_PATHS = (
					"$(inherited)",
					"@executable_path/Frameworks",
				);
				MARKETING_VERSION = 1.0;
				PRODUCT_BUNDLE_IDENTIFIER = giovanna.Freeolingo;
				PRODUCT_NAME = "$(TARGET_NAME)";
				SWIFT_EMIT_LOC_STRINGS = YES;
				SWIFT_VERSION = 5.0;
				TARGETED_DEVICE_FAMILY = "1,2";
			};
			name = Debug;
		};
		6BA222CF2BB8D86B00E11D96 /* Release */ = {
			isa = XCBuildConfiguration;
			buildSettings = {
				ASSETCATALOG_COMPILER_APPICON_NAME = AppIcon;
				ASSETCATALOG_COMPILER_GLOBAL_ACCENT_COLOR_NAME = AccentColor;
				CODE_SIGN_STYLE = Automatic;
				CURRENT_PROJECT_VERSION = 1;
				DEVELOPMENT_ASSET_PATHS = "\"Freeolingo/Preview Content\"";
				DEVELOPMENT_TEAM = Z9JYZQ2HZ9;
				ENABLE_PREVIEWS = YES;
				GENERATE_INFOPLIST_FILE = YES;
				INFOPLIST_KEY_NSSpeechRecognitionUsageDescription = "Description of why your app needs access to speech recognition.";
				INFOPLIST_KEY_UIApplicationSceneManifest_Generation = YES;
				INFOPLIST_KEY_UIApplicationSupportsIndirectInputEvents = YES;
				INFOPLIST_KEY_UILaunchScreen_Generation = YES;
				INFOPLIST_KEY_UISupportedInterfaceOrientations = UIInterfaceOrientationPortrait;
				IPHONEOS_DEPLOYMENT_TARGET = 17.0;
				LD_RUNPATH_SEARCH_PATHS = (
					"$(inherited)",
					"@executable_path/Frameworks",
				);
				MARKETING_VERSION = 1.0;
				PRODUCT_BUNDLE_IDENTIFIER = giovanna.Freeolingo;
				PRODUCT_NAME = "$(TARGET_NAME)";
				SWIFT_EMIT_LOC_STRINGS = YES;
				SWIFT_VERSION = 5.0;
				TARGETED_DEVICE_FAMILY = "1,2";
			};
			name = Release;
		};
/* End XCBuildConfiguration section */

/* Begin XCConfigurationList section */
		6BA222BA2BB8D86A00E11D96 /* Build configuration list for PBXProject "Freeolingo" */ = {
			isa = XCConfigurationList;
			buildConfigurations = (
				6BA222CB2BB8D86B00E11D96 /* Debug */,
				6BA222CC2BB8D86B00E11D96 /* Release */,
			);
			defaultConfigurationIsVisible = 0;
			defaultConfigurationName = Release;
		};
		6BA222CD2BB8D86B00E11D96 /* Build configuration list for PBXNativeTarget "Freeolingo" */ = {
			isa = XCConfigurationList;
			buildConfigurations = (
				6BA222CE2BB8D86B00E11D96 /* Debug */,
				6BA222CF2BB8D86B00E11D96 /* Release */,
			);
			defaultConfigurationIsVisible = 0;
			defaultConfigurationName = Release;
		};
/* End XCConfigurationList section */

/* Begin XCRemoteSwiftPackageReference section */
		6B76CD962BD8521600DCA0C0 /* XCRemoteSwiftPackageReference "WrappingHStack" */ = {
			isa = XCRemoteSwiftPackageReference;
			repositoryURL = "https://github.com/ksemianov/WrappingHStack";
			requirement = {
				kind = upToNextMajorVersion;
				minimumVersion = 0.2.0;
			};
		};
		6B76CD9B2BE4898A00DCA0C0 /* XCRemoteSwiftPackageReference "StringMetric.swift" */ = {
			isa = XCRemoteSwiftPackageReference;
			repositoryURL = "https://github.com/autozimu/StringMetric.swift.git";
			requirement = {
				kind = upToNextMajorVersion;
				minimumVersion = 0.3.2;
			};
		};
		6BF2BED82C2A75D6000ABE81 /* XCRemoteSwiftPackageReference "SVGKit" */ = {
			isa = XCRemoteSwiftPackageReference;
			repositoryURL = "https://github.com/SVGKit/SVGKit.git";
			requirement = {
				kind = upToNextMajorVersion;
				minimumVersion = 3.0.0;
			};
		};
/* End XCRemoteSwiftPackageReference section */

/* Begin XCSwiftPackageProductDependency section */
		6BF2BEDD2C2B1E17000ABE81 /* StringMetric */ = {
			isa = XCSwiftPackageProductDependency;
			package = 6B76CD9B2BE4898A00DCA0C0 /* XCRemoteSwiftPackageReference "StringMetric.swift" */;
			productName = StringMetric;
		};
		6BF2BEDF2C2B1E1D000ABE81 /* WrappingHStack */ = {
			isa = XCSwiftPackageProductDependency;
			package = 6B76CD962BD8521600DCA0C0 /* XCRemoteSwiftPackageReference "WrappingHStack" */;
			productName = WrappingHStack;
		};
/* End XCSwiftPackageProductDependency section */
	};
	rootObject = 6BA222B72BB8D86A00E11D96 /* Project object */;
}
