{
  "originHash" : "8d024ac8341fa904bae46c7ae1cf5e120defc5000f67fdbf85db0a6623703bfc",
  "pins" : [
    {
      "identity" : "webrtc",
      "kind" : "remoteSourceControl",
      "location" : "https://github.com/stasel/WebRTC",
      "state" : {
        "revision" : "094c4fc20594251946319805d8328c8e745dd084",
        "version" : "128.0.0"
      }
    }
  ],
  "version" : 3
}
