// !$*UTF8*$!
{
	archiveVersion = 1;
	classes = {
	};
	objectVersion = 56;
	objects = {

/* Begin PBXBuildFile section */
		CC2A04F8290C26E000AE9C1E /* NoIdeaApp.swift in Sources */ = {isa = PBXBuildFile; fileRef = CC2A04F7290C26E000AE9C1E /* NoIdeaApp.swift */; };
		CC2A04FA290C26E000AE9C1E /* ContentView.swift in Sources */ = {isa = PBXBuildFile; fileRef = CC2A04F9290C26E000AE9C1E /* ContentView.swift */; };
		CC2A04FC290C26E300AE9C1E /* Assets.xcassets in Resources */ = {isa = PBXBuildFile; fileRef = CC2A04FB290C26E300AE9C1E /* Assets.xcassets */; };
		CC2A04FF290C26E300AE9C1E /* Preview Assets.xcassets in Resources */ = {isa = PBXBuildFile; fileRef = CC2A04FE290C26E300AE9C1E /* Preview Assets.xcassets */; };
		CC3DAD63290DB9E80005DF91 /* SharedView.swift in Sources */ = {isa = PBXBuildFile; fileRef = CC3DAD62290DB9E80005DF91 /* SharedView.swift */; };
		CC3DAD65290DCD970005DF91 /* DetailView.swift in Sources */ = {isa = PBXBuildFile; fileRef = CC3DAD64290DCD970005DF91 /* DetailView.swift */; };
		CCF92FDD29425CD300FF17A3 /* Feeling.swift in Sources */ = {isa = PBXBuildFile; fileRef = CCF92FDC29425CD300FF17A3 /* Feeling.swift */; };
		CCF92FDF29425D5C00FF17A3 /* Store.swift in Sources */ = {isa = PBXBuildFile; fileRef = CCF92FDE29425D5C00FF17A3 /* Store.swift */; };
		CCF92FE2294266BA00FF17A3 /* Algorithms in Frameworks */ = {isa = PBXBuildFile; productRef = CCF92FE1294266BA00FF17A3 /* Algorithms */; };
		CCF92FE42942702500FF17A3 /* FeelingSelectionView.swift in Sources */ = {isa = PBXBuildFile; fileRef = CCF92FE32942702500FF17A3 /* FeelingSelectionView.swift */; };
		CCF92FE6294284A100FF17A3 /* SubmitFeelingView.swift in Sources */ = {isa = PBXBuildFile; fileRef = CCF92FE5294284A100FF17A3 /* SubmitFeelingView.swift */; };
/* End PBXBuildFile section */

/* Begin PBXCopyFilesBuildPhase section */
		CCBA7FA4290DE0E900B66B81 /* Embed Watch Content */ = {
			isa = PBXCopyFilesBuildPhase;
			buildActionMask = 2147483647;
			dstPath = "$(CONTENTS_FOLDER_PATH)/Watch";
			dstSubfolderSpec = 16;
			files = (
			);
			name = "Embed Watch Content";
			runOnlyForDeploymentPostprocessing = 0;
		};
/* End PBXCopyFilesBuildPhase section */

/* Begin PBXFileReference section */
		CC2A04F4290C26E000AE9C1E /* NoIdea.app */ = {isa = PBXFileReference; explicitFileType = wrapper.application; includeInIndex = 0; path = NoIdea.app; sourceTree = BUILT_PRODUCTS_DIR; };
		CC2A04F7290C26E000AE9C1E /* NoIdeaApp.swift */ = {isa = PBXFileReference; lastKnownFileType = sourcecode.swift; path = NoIdeaApp.swift; sourceTree = "<group>"; };
		CC2A04F9290C26E000AE9C1E /* ContentView.swift */ = {isa = PBXFileReference; lastKnownFileType = sourcecode.swift; path = ContentView.swift; sourceTree = "<group>"; };
		CC2A04FB290C26E300AE9C1E /* Assets.xcassets */ = {isa = PBXFileReference; lastKnownFileType = folder.assetcatalog; path = Assets.xcassets; sourceTree = "<group>"; };
		CC2A04FE290C26E300AE9C1E /* Preview Assets.xcassets */ = {isa = PBXFileReference; lastKnownFileType = folder.assetcatalog; path = "Preview Assets.xcassets"; sourceTree = "<group>"; };
		CC3DAD62290DB9E80005DF91 /* SharedView.swift */ = {isa = PBXFileReference; lastKnownFileType = sourcecode.swift; path = SharedView.swift; sourceTree = "<group>"; };
		CC3DAD64290DCD970005DF91 /* DetailView.swift */ = {isa = PBXFileReference; lastKnownFileType = sourcecode.swift; path = DetailView.swift; sourceTree = "<group>"; };
		CCF92FDC29425CD300FF17A3 /* Feeling.swift */ = {isa = PBXFileReference; lastKnownFileType = sourcecode.swift; path = Feeling.swift; sourceTree = "<group>"; };
		CCF92FDE29425D5C00FF17A3 /* Store.swift */ = {isa = PBXFileReference; lastKnownFileType = sourcecode.swift; path = Store.swift; sourceTree = "<group>"; };
		CCF92FE32942702500FF17A3 /* FeelingSelectionView.swift */ = {isa = PBXFileReference; lastKnownFileType = sourcecode.swift; path = FeelingSelectionView.swift; sourceTree = "<group>"; };
		CCF92FE5294284A100FF17A3 /* SubmitFeelingView.swift */ = {isa = PBXFileReference; lastKnownFileType = sourcecode.swift; path = SubmitFeelingView.swift; sourceTree = "<group>"; };
		CCFBB7C92942B83000B5B6B0 /* Info.plist */ = {isa = PBXFileReference; lastKnownFileType = text.plist; path = Info.plist; sourceTree = "<group>"; };
/* End PBXFileReference section */

/* Begin PBXFrameworksBuildPhase section */
		CC2A04F1290C26E000AE9C1E /* Frameworks */ = {
			isa = PBXFrameworksBuildPhase;
			buildActionMask = 2147483647;
			files = (
				CCF92FE2294266BA00FF17A3 /* Algorithms in Frameworks */,
			);
			runOnlyForDeploymentPostprocessing = 0;
		};
/* End PBXFrameworksBuildPhase section */

/* Begin PBXGroup section */
		CC2A04EB290C26E000AE9C1E = {
			isa = PBXGroup;
			children = (
				CC2A04F6290C26E000AE9C1E /* NoIdea */,
				CC2A04F5290C26E000AE9C1E /* Products */,
				CCF92FE0294266BA00FF17A3 /* Frameworks */,
			);
			sourceTree = "<group>";
		};
		CC2A04F5290C26E000AE9C1E /* Products */ = {
			isa = PBXGroup;
			children = (
				CC2A04F4290C26E000AE9C1E /* NoIdea.app */,
			);
			name = Products;
			sourceTree = "<group>";
		};
		CC2A04F6290C26E000AE9C1E /* NoIdea */ = {
			isa = PBXGroup;
			children = (
				CCFBB7C92942B83000B5B6B0 /* Info.plist */,
				CC2A04F7290C26E000AE9C1E /* NoIdeaApp.swift */,
				CC2A04F9290C26E000AE9C1E /* ContentView.swift */,
				CC2A04FB290C26E300AE9C1E /* Assets.xcassets */,
				CC2A04FD290C26E300AE9C1E /* Preview Content */,
				CC3DAD62290DB9E80005DF91 /* SharedView.swift */,
				CC3DAD64290DCD970005DF91 /* DetailView.swift */,
				CCF92FDC29425CD300FF17A3 /* Feeling.swift */,
				CCF92FDE29425D5C00FF17A3 /* Store.swift */,
				CCF92FE32942702500FF17A3 /* FeelingSelectionView.swift */,
				CCF92FE5294284A100FF17A3 /* SubmitFeelingView.swift */,
			);
			path = NoIdea;
			sourceTree = "<group>";
		};
		CC2A04FD290C26E300AE9C1E /* Preview Content */ = {
			isa = PBXGroup;
			children = (
				CC2A04FE290C26E300AE9C1E /* Preview Assets.xcassets */,
			);
			path = "Preview Content";
			sourceTree = "<group>";
		};
		CCF92FE0294266BA00FF17A3 /* Frameworks */ = {
			isa = PBXGroup;
			children = (
			);
			name = Frameworks;
			sourceTree = "<group>";
		};
/* End PBXGroup section */

/* Begin PBXNativeTarget section */
		CC2A04F3290C26E000AE9C1E /* NoIdea */ = {
			isa = PBXNativeTarget;
			buildConfigurationList = CC2A0518290C26E300AE9C1E /* Build configuration list for PBXNativeTarget "NoIdea" */;
			buildPhases = (
				CC2A04F0290C26E000AE9C1E /* Sources */,
				CC2A04F1290C26E000AE9C1E /* Frameworks */,
				CC2A04F2290C26E000AE9C1E /* Resources */,
				CCBA7FA4290DE0E900B66B81 /* Embed Watch Content */,
			);
			buildRules = (
			);
			dependencies = (
			);
			name = NoIdea;
			packageProductDependencies = (
				CCF92FE1294266BA00FF17A3 /* Algorithms */,
			);
			productName = NoIdea;
			productReference = CC2A04F4290C26E000AE9C1E /* NoIdea.app */;
			productType = "com.apple.product-type.application";
		};
/* End PBXNativeTarget section */

/* Begin PBXProject section */
		CC2A04EC290C26E000AE9C1E /* Project object */ = {
			isa = PBXProject;
			attributes = {
				BuildIndependentTargetsInParallel = 1;
				LastSwiftUpdateCheck = 1400;
				LastUpgradeCheck = 1400;
				TargetAttributes = {
					CC2A04F3290C26E000AE9C1E = {
						CreatedOnToolsVersion = 14.0.1;
					};
				};
			};
			buildConfigurationList = CC2A04EF290C26E000AE9C1E /* Build configuration list for PBXProject "NoIdea" */;
			compatibilityVersion = "Xcode 14.0";
			developmentRegion = en;
			hasScannedForEncodings = 0;
			knownRegions = (
				en,
				Base,
			);
			mainGroup = CC2A04EB290C26E000AE9C1E;
			packageReferences = (
				CCF92FD62942467800FF17A3 /* XCRemoteSwiftPackageReference "swift-algorithms" */,
				CC63FF552942CCF10061B47F /* XCRemoteSwiftPackageReference "EmojiPicker" */,
				CC63FF582942CEEB0061B47F /* XCRemoteSwiftPackageReference "ISEmojiView" */,
			);
			productRefGroup = CC2A04F5290C26E000AE9C1E /* Products */;
			projectDirPath = "";
			projectRoot = "";
			targets = (
				CC2A04F3290C26E000AE9C1E /* NoIdea */,
			);
		};
/* End PBXProject section */

/* Begin PBXResourcesBuildPhase section */
		CC2A04F2290C26E000AE9C1E /* Resources */ = {
			isa = PBXResourcesBuildPhase;
			buildActionMask = 2147483647;
			files = (
				CC2A04FF290C26E300AE9C1E /* Preview Assets.xcassets in Resources */,
				CC2A04FC290C26E300AE9C1E /* Assets.xcassets in Resources */,
			);
			runOnlyForDeploymentPostprocessing = 0;
		};
/* End PBXResourcesBuildPhase section */

/* Begin PBXSourcesBuildPhase section */
		CC2A04F0290C26E000AE9C1E /* Sources */ = {
			isa = PBXSourcesBuildPhase;
			buildActionMask = 2147483647;
			files = (
				CC3DAD63290DB9E80005DF91 /* SharedView.swift in Sources */,
				CC3DAD65290DCD970005DF91 /* DetailView.swift in Sources */,
				CC2A04FA290C26E000AE9C1E /* ContentView.swift in Sources */,
				CCF92FE6294284A100FF17A3 /* SubmitFeelingView.swift in Sources */,
				CCF92FDF29425D5C00FF17A3 /* Store.swift in Sources */,
				CC2A04F8290C26E000AE9C1E /* NoIdeaApp.swift in Sources */,
				CCF92FE42942702500FF17A3 /* FeelingSelectionView.swift in Sources */,
				CCF92FDD29425CD300FF17A3 /* Feeling.swift in Sources */,
			);
			runOnlyForDeploymentPostprocessing = 0;
		};
/* End PBXSourcesBuildPhase section */

/* Begin XCBuildConfiguration section */
		CC2A0516290C26E300AE9C1E /* Debug */ = {
			isa = XCBuildConfiguration;
			buildSettings = {
				ALWAYS_SEARCH_USER_PATHS = NO;
				CLANG_ANALYZER_NONNULL = YES;
				CLANG_ANALYZER_NUMBER_OBJECT_CONVERSION = YES_AGGRESSIVE;
				CLANG_CXX_LANGUAGE_STANDARD = "gnu++20";
				CLANG_ENABLE_MODULES = YES;
				CLANG_ENABLE_OBJC_ARC = YES;
				CLANG_ENABLE_OBJC_WEAK = YES;
				CLANG_WARN_BLOCK_CAPTURE_AUTORELEASING = YES;
				CLANG_WARN_BOOL_CONVERSION = YES;
				CLANG_WARN_COMMA = YES;
				CLANG_WARN_CONSTANT_CONVERSION = YES;
				CLANG_WARN_DEPRECATED_OBJC_IMPLEMENTATIONS = YES;
				CLANG_WARN_DIRECT_OBJC_ISA_USAGE = YES_ERROR;
				CLANG_WARN_DOCUMENTATION_COMMENTS = YES;
				CLANG_WARN_EMPTY_BODY = YES;
				CLANG_WARN_ENUM_CONVERSION = YES;
				CLANG_WARN_INFINITE_RECURSION = YES;
				CLANG_WARN_INT_CONVERSION = YES;
				CLANG_WARN_NON_LITERAL_NULL_CONVERSION = YES;
				CLANG_WARN_OBJC_IMPLICIT_RETAIN_SELF = YES;
				CLANG_WARN_OBJC_LITERAL_CONVERSION = YES;
				CLANG_WARN_OBJC_ROOT_CLASS = YES_ERROR;
				CLANG_WARN_QUOTED_INCLUDE_IN_FRAMEWORK_HEADER = YES;
				CLANG_WARN_RANGE_LOOP_ANALYSIS = YES;
				CLANG_WARN_STRICT_PROTOTYPES = YES;
				CLANG_WARN_SUSPICIOUS_MOVE = YES;
				CLANG_WARN_UNGUARDED_AVAILABILITY = YES_AGGRESSIVE;
				CLANG_WARN_UNREACHABLE_CODE = YES;
				CLANG_WARN__DUPLICATE_METHOD_MATCH = YES;
				COPY_PHASE_STRIP = NO;
				DEBUG_INFORMATION_FORMAT = dwarf;
				ENABLE_STRICT_OBJC_MSGSEND = YES;
				ENABLE_TESTABILITY = YES;
				GCC_C_LANGUAGE_STANDARD = gnu11;
				GCC_DYNAMIC_NO_PIC = NO;
				GCC_NO_COMMON_BLOCKS = YES;
				GCC_OPTIMIZATION_LEVEL = 0;
				GCC_PREPROCESSOR_DEFINITIONS = (
					"DEBUG=1",
					"$(inherited)",
				);
				GCC_WARN_64_TO_32_BIT_CONVERSION = YES;
				GCC_WARN_ABOUT_RETURN_TYPE = YES_ERROR;
				GCC_WARN_UNDECLARED_SELECTOR = YES;
				GCC_WARN_UNINITIALIZED_AUTOS = YES_AGGRESSIVE;
				GCC_WARN_UNUSED_FUNCTION = YES;
				GCC_WARN_UNUSED_VARIABLE = YES;
				IPHONEOS_DEPLOYMENT_TARGET = 16.0;
				MTL_ENABLE_DEBUG_INFO = INCLUDE_SOURCE;
				MTL_FAST_MATH = YES;
				ONLY_ACTIVE_ARCH = YES;
				SDKROOT = iphoneos;
				SWIFT_ACTIVE_COMPILATION_CONDITIONS = DEBUG;
				SWIFT_OPTIMIZATION_LEVEL = "-Onone";
			};
			name = Debug;
		};
		CC2A0517290C26E300AE9C1E /* Release */ = {
			isa = XCBuildConfiguration;
			buildSettings = {
				ALWAYS_SEARCH_USER_PATHS = NO;
				CLANG_ANALYZER_NONNULL = YES;
				CLANG_ANALYZER_NUMBER_OBJECT_CONVERSION = YES_AGGRESSIVE;
				CLANG_CXX_LANGUAGE_STANDARD = "gnu++20";
				CLANG_ENABLE_MODULES = YES;
				CLANG_ENABLE_OBJC_ARC = YES;
				CLANG_ENABLE_OBJC_WEAK = YES;
				CLANG_WARN_BLOCK_CAPTURE_AUTORELEASING = YES;
				CLANG_WARN_BOOL_CONVERSION = YES;
				CLANG_WARN_COMMA = YES;
				CLANG_WARN_CONSTANT_CONVERSION = YES;
				CLANG_WARN_DEPRECATED_OBJC_IMPLEMENTATIONS = YES;
				CLANG_WARN_DIRECT_OBJC_ISA_USAGE = YES_ERROR;
				CLANG_WARN_DOCUMENTATION_COMMENTS = YES;
				CLANG_WARN_EMPTY_BODY = YES;
				CLANG_WARN_ENUM_CONVERSION = YES;
				CLANG_WARN_INFINITE_RECURSION = YES;
				CLANG_WARN_INT_CONVERSION = YES;
				CLANG_WARN_NON_LITERAL_NULL_CONVERSION = YES;
				CLANG_WARN_OBJC_IMPLICIT_RETAIN_SELF = YES;
				CLANG_WARN_OBJC_LITERAL_CONVERSION = YES;
				CLANG_WARN_OBJC_ROOT_CLASS = YES_ERROR;
				CLANG_WARN_QUOTED_INCLUDE_IN_FRAMEWORK_HEADER = YES;
				CLANG_WARN_RANGE_LOOP_ANALYSIS = YES;
				CLANG_WARN_STRICT_PROTOTYPES = YES;
				CLANG_WARN_SUSPICIOUS_MOVE = YES;
				CLANG_WARN_UNGUARDED_AVAILABILITY = YES_AGGRESSIVE;
				CLANG_WARN_UNREACHABLE_CODE = YES;
				CLANG_WARN__DUPLICATE_METHOD_MATCH = YES;
				COPY_PHASE_STRIP = NO;
				DEBUG_INFORMATION_FORMAT = "dwarf-with-dsym";
				ENABLE_NS_ASSERTIONS = NO;
				ENABLE_STRICT_OBJC_MSGSEND = YES;
				GCC_C_LANGUAGE_STANDARD = gnu11;
				GCC_NO_COMMON_BLOCKS = YES;
				GCC_WARN_64_TO_32_BIT_CONVERSION = YES;
				GCC_WARN_ABOUT_RETURN_TYPE = YES_ERROR;
				GCC_WARN_UNDECLARED_SELECTOR = YES;
				GCC_WARN_UNINITIALIZED_AUTOS = YES_AGGRESSIVE;
				GCC_WARN_UNUSED_FUNCTION = YES;
				GCC_WARN_UNUSED_VARIABLE = YES;
				IPHONEOS_DEPLOYMENT_TARGET = 16.0;
				MTL_ENABLE_DEBUG_INFO = NO;
				MTL_FAST_MATH = YES;
				SDKROOT = iphoneos;
				SWIFT_COMPILATION_MODE = wholemodule;
				SWIFT_OPTIMIZATION_LEVEL = "-O";
				VALIDATE_PRODUCT = YES;
			};
			name = Release;
		};
		CC2A0519290C26E300AE9C1E /* Debug */ = {
			isa = XCBuildConfiguration;
			buildSettings = {
				ASSETCATALOG_COMPILER_APPICON_NAME = AppIcon;
				ASSETCATALOG_COMPILER_GLOBAL_ACCENT_COLOR_NAME = AccentColor;
				CODE_SIGN_STYLE = Automatic;
				CURRENT_PROJECT_VERSION = 1;
				DEVELOPMENT_ASSET_PATHS = "\"NoIdea/Preview Content\"";
				DEVELOPMENT_TEAM = SVH6FPD392;
				ENABLE_PREVIEWS = YES;
				GENERATE_INFOPLIST_FILE = YES;
				INFOPLIST_FILE = NoIdea/Info.plist;
				INFOPLIST_KEY_LSApplicationCategoryType = "";
				INFOPLIST_KEY_UIApplicationSceneManifest_Generation = YES;
				INFOPLIST_KEY_UIApplicationSupportsIndirectInputEvents = NO;
				INFOPLIST_KEY_UILaunchScreen_Generation = YES;
				INFOPLIST_KEY_UISupportedInterfaceOrientations_iPad = "UIInterfaceOrientationPortrait UIInterfaceOrientationPortraitUpsideDown UIInterfaceOrientationLandscapeLeft UIInterfaceOrientationLandscapeRight";
				INFOPLIST_KEY_UISupportedInterfaceOrientations_iPhone = "UIInterfaceOrientationPortrait UIInterfaceOrientationLandscapeLeft UIInterfaceOrientationLandscapeRight";
				LD_RUNPATH_SEARCH_PATHS = (
					"$(inherited)",
					"@executable_path/Frameworks",
				);
				MARKETING_VERSION = 1.0;
				PRODUCT_BUNDLE_IDENTIFIER = giovanna.NoIdea;
				PRODUCT_NAME = "$(TARGET_NAME)";
				SWIFT_EMIT_LOC_STRINGS = YES;
				SWIFT_VERSION = 5.0;
				TARGETED_DEVICE_FAMILY = "1,2";
			};
			name = Debug;
		};
		CC2A051A290C26E300AE9C1E /* Release */ = {
			isa = XCBuildConfiguration;
			buildSettings = {
				ASSETCATALOG_COMPILER_APPICON_NAME = AppIcon;
				ASSETCATALOG_COMPILER_GLOBAL_ACCENT_COLOR_NAME = AccentColor;
				CODE_SIGN_STYLE = Automatic;
				CURRENT_PROJECT_VERSION = 1;
				DEVELOPMENT_ASSET_PATHS = "\"NoIdea/Preview Content\"";
				DEVELOPMENT_TEAM = SVH6FPD392;
				ENABLE_PREVIEWS = YES;
				GENERATE_INFOPLIST_FILE = YES;
				INFOPLIST_FILE = NoIdea/Info.plist;
				INFOPLIST_KEY_LSApplicationCategoryType = "";
				INFOPLIST_KEY_UIApplicationSceneManifest_Generation = YES;
				INFOPLIST_KEY_UIApplicationSupportsIndirectInputEvents = NO;
				INFOPLIST_KEY_UILaunchScreen_Generation = YES;
				INFOPLIST_KEY_UISupportedInterfaceOrientations_iPad = "UIInterfaceOrientationPortrait UIInterfaceOrientationPortraitUpsideDown UIInterfaceOrientationLandscapeLeft UIInterfaceOrientationLandscapeRight";
				INFOPLIST_KEY_UISupportedInterfaceOrientations_iPhone = "UIInterfaceOrientationPortrait UIInterfaceOrientationLandscapeLeft UIInterfaceOrientationLandscapeRight";
				LD_RUNPATH_SEARCH_PATHS = (
					"$(inherited)",
					"@executable_path/Frameworks",
				);
				MARKETING_VERSION = 1.0;
				PRODUCT_BUNDLE_IDENTIFIER = giovanna.NoIdea;
				PRODUCT_NAME = "$(TARGET_NAME)";
				SWIFT_EMIT_LOC_STRINGS = YES;
				SWIFT_VERSION = 5.0;
				TARGETED_DEVICE_FAMILY = "1,2";
			};
			name = Release;
		};
/* End XCBuildConfiguration section */

/* Begin XCConfigurationList section */
		CC2A04EF290C26E000AE9C1E /* Build configuration list for PBXProject "NoIdea" */ = {
			isa = XCConfigurationList;
			buildConfigurations = (
				CC2A0516290C26E300AE9C1E /* Debug */,
				CC2A0517290C26E300AE9C1E /* Release */,
			);
			defaultConfigurationIsVisible = 0;
			defaultConfigurationName = Release;
		};
		CC2A0518290C26E300AE9C1E /* Build configuration list for PBXNativeTarget "NoIdea" */ = {
			isa = XCConfigurationList;
			buildConfigurations = (
				CC2A0519290C26E300AE9C1E /* Debug */,
				CC2A051A290C26E300AE9C1E /* Release */,
			);
			defaultConfigurationIsVisible = 0;
			defaultConfigurationName = Release;
		};
/* End XCConfigurationList section */

/* Begin XCRemoteSwiftPackageReference section */
		CC63FF552942CCF10061B47F /* XCRemoteSwiftPackageReference "EmojiPicker" */ = {
			isa = XCRemoteSwiftPackageReference;
			repositoryURL = "https://github.com/htmlprogrammist/EmojiPicker";
			requirement = {
				kind = upToNextMajorVersion;
				minimumVersion = 1.0.0;
			};
		};
		CC63FF582942CEEB0061B47F /* XCRemoteSwiftPackageReference "ISEmojiView" */ = {
			isa = XCRemoteSwiftPackageReference;
			repositoryURL = "https://github.com/isaced/ISEmojiView";
			requirement = {
				kind = upToNextMajorVersion;
				minimumVersion = 0.3.3;
			};
		};
		CCF92FD62942467800FF17A3 /* XCRemoteSwiftPackageReference "swift-algorithms" */ = {
			isa = XCRemoteSwiftPackageReference;
			repositoryURL = "https://github.com/apple/swift-algorithms.git";
			requirement = {
				kind = upToNextMajorVersion;
				minimumVersion = 1.0.0;
			};
		};
/* End XCRemoteSwiftPackageReference section */

/* Begin XCSwiftPackageProductDependency section */
		CCF92FE1294266BA00FF17A3 /* Algorithms */ = {
			isa = XCSwiftPackageProductDependency;
			package = CCF92FD62942467800FF17A3 /* XCRemoteSwiftPackageReference "swift-algorithms" */;
			productName = Algorithms;
		};
/* End XCSwiftPackageProductDependency section */
	};
	rootObject = CC2A04EC290C26E000AE9C1E /* Project object */;
}
